PODS:
  - Alamofire (4.8.0)
  - AlamofireNetworkActivityIndicator (2.3.0):
    - Alamofire (~> 4.7)
  - FlexLayout (1.3.11)
  - PinLayout (1.8.6)
  - SDWebImage (4.4.2):
    - SDWebImage/Core (= 4.4.2)
  - SDWebImage/Core (4.4.2)
  - Swinject (2.5.0)

DEPENDENCIES:
  - Alamofire
  - AlamofireNetworkActivityIndicator
  - FlexLayout
  - PinLayout
  - SDWebImage
  - Swinject

SPEC REPOS:
  https://github.com/cocoapods/specs.git:
    - Alamofire
    - AlamofireNetworkActivityIndicator
    - FlexLayout
    - PinLayout
    - SDWebImage
    - Swinject

SPEC CHECKSUMS:
  Alamofire: 3ec537f71edc9804815215393ae2b1a8ea33a844
  AlamofireNetworkActivityIndicator: 18346ff6d770d9513d0ac6f2d99706f40f93dbaa
  FlexLayout: b008184d23aae0c56e1c916e803445a13a6f4e5a
  PinLayout: fe2a2432d6982588e208572005c941aeeae417ab
  SDWebImage: 624d6e296c69b244bcede364c72ae0430ac14681
  Swinject: 82cdb851f63f91bba974e3eca1d69780f2f7677e

PODFILE CHECKSUM: c992b65292a1e82d988382be2d7cada8edb4c690

COCOAPODS: 1.5.3
