// !$*UTF8*$!
{
	archiveVersion = 1;
	classes = {
	};
	objectVersion = 50;
	objects = {

/* Begin PBXBuildFile section */
		09FCD24CFF31A42404F9E277 /* Pods_MyMixcloud.framework in Frameworks */ = {isa = PBXBuildFile; fileRef = 2CEC79FC10CFC172F0BB32F3 /* Pods_MyMixcloud.framework */; };
		4201812422CF367A007752B9 /* InjectionManager.swift in Sources */ = {isa = PBXBuildFile; fileRef = 4201812322CF367A007752B9 /* InjectionManager.swift */; };
		4201812622CFDEB0007752B9 /* SettingsService.swift in Sources */ = {isa = PBXBuildFile; fileRef = 4201812522CFDEB0007752B9 /* SettingsService.swift */; };
		4201812822CFDF18007752B9 /* SettingsServiceImpl.swift in Sources */ = {isa = PBXBuildFile; fileRef = 4201812722CFDF18007752B9 /* SettingsServiceImpl.swift */; };
		4201813022D072DA007752B9 /* LoginPresenter.swift in Sources */ = {isa = PBXBuildFile; fileRef = 4201812A22D072DA007752B9 /* LoginPresenter.swift */; };
		4201813122D072DA007752B9 /* LoginRouter.swift in Sources */ = {isa = PBXBuildFile; fileRef = 4201812B22D072DA007752B9 /* LoginRouter.swift */; };
		4201813222D072DA007752B9 /* LoginViewController.swift in Sources */ = {isa = PBXBuildFile; fileRef = 4201812C22D072DA007752B9 /* LoginViewController.swift */; };
		4201813322D072DA007752B9 /* LoginProtocols.swift in Sources */ = {isa = PBXBuildFile; fileRef = 4201812D22D072DA007752B9 /* LoginProtocols.swift */; };
		4201813422D072DA007752B9 /* LoginInteractor.swift in Sources */ = {isa = PBXBuildFile; fileRef = 4201812E22D072DA007752B9 /* LoginInteractor.swift */; };
		4201813522D072DA007752B9 /* LoginContainer.swift in Sources */ = {isa = PBXBuildFile; fileRef = 4201812F22D072DA007752B9 /* LoginContainer.swift */; };
		4201813822D0730C007752B9 /* LoginViewModel.swift in Sources */ = {isa = PBXBuildFile; fileRef = 4201813722D0730C007752B9 /* LoginViewModel.swift */; };
		4201813A22D0731D007752B9 /* LoginView.swift in Sources */ = {isa = PBXBuildFile; fileRef = 4201813922D0731D007752B9 /* LoginView.swift */; };
		4201813C22D27F75007752B9 /* AppRouter.swift in Sources */ = {isa = PBXBuildFile; fileRef = 4201813B22D27F75007752B9 /* AppRouter.swift */; };
		4201815E22D32EC9007752B9 /* SettingsPresenter.swift in Sources */ = {isa = PBXBuildFile; fileRef = 4201815822D32EC9007752B9 /* SettingsPresenter.swift */; };
		4201815F22D32EC9007752B9 /* SettingsRouter.swift in Sources */ = {isa = PBXBuildFile; fileRef = 4201815922D32EC9007752B9 /* SettingsRouter.swift */; };
		4201816022D32EC9007752B9 /* SettingsViewController.swift in Sources */ = {isa = PBXBuildFile; fileRef = 4201815A22D32EC9007752B9 /* SettingsViewController.swift */; };
		4201816122D32EC9007752B9 /* SettingsProtocols.swift in Sources */ = {isa = PBXBuildFile; fileRef = 4201815B22D32EC9007752B9 /* SettingsProtocols.swift */; };
		4201816222D32EC9007752B9 /* SettingsInteractor.swift in Sources */ = {isa = PBXBuildFile; fileRef = 4201815C22D32EC9007752B9 /* SettingsInteractor.swift */; };
		4201816322D32EC9007752B9 /* SettingsContainer.swift in Sources */ = {isa = PBXBuildFile; fileRef = 4201815D22D32EC9007752B9 /* SettingsContainer.swift */; };
		4220E28822C4E61900FEB7F8 /* UserProfilePresenter.swift in Sources */ = {isa = PBXBuildFile; fileRef = 4220E28222C4E61900FEB7F8 /* UserProfilePresenter.swift */; };
		4220E28922C4E61900FEB7F8 /* UserProfileRouter.swift in Sources */ = {isa = PBXBuildFile; fileRef = 4220E28322C4E61900FEB7F8 /* UserProfileRouter.swift */; };
		4220E28A22C4E61900FEB7F8 /* UserProfileViewController.swift in Sources */ = {isa = PBXBuildFile; fileRef = 4220E28422C4E61900FEB7F8 /* UserProfileViewController.swift */; };
		4220E28B22C4E61900FEB7F8 /* UserProfileProtocols.swift in Sources */ = {isa = PBXBuildFile; fileRef = 4220E28522C4E61900FEB7F8 /* UserProfileProtocols.swift */; };
		4220E28C22C4E61900FEB7F8 /* UserProfileInteractor.swift in Sources */ = {isa = PBXBuildFile; fileRef = 4220E28622C4E61900FEB7F8 /* UserProfileInteractor.swift */; };
		4220E28D22C4E61900FEB7F8 /* UserProfileContainer.swift in Sources */ = {isa = PBXBuildFile; fileRef = 4220E28722C4E61900FEB7F8 /* UserProfileContainer.swift */; };
		4220E29022C5092400FEB7F8 /* UserProfileViewModel.swift in Sources */ = {isa = PBXBuildFile; fileRef = 4220E28F22C5092400FEB7F8 /* UserProfileViewModel.swift */; };
		4220E29222C5093900FEB7F8 /* UserProfileView.swift in Sources */ = {isa = PBXBuildFile; fileRef = 4220E29122C5093900FEB7F8 /* UserProfileView.swift */; };
		4220E29522C5137300FEB7F8 /* MMFonts.swift in Sources */ = {isa = PBXBuildFile; fileRef = 4220E29422C5137300FEB7F8 /* MMFonts.swift */; };
		4220E29722C5139800FEB7F8 /* MMColors.swift in Sources */ = {isa = PBXBuildFile; fileRef = 4220E29622C5139800FEB7F8 /* MMColors.swift */; };
		4220E29922C585AC00FEB7F8 /* DummyView.swift in Sources */ = {isa = PBXBuildFile; fileRef = 4220E29822C585AC00FEB7F8 /* DummyView.swift */; };
		4220E29C22C604DC00FEB7F8 /* UIViewController+ActivityIndicator.swift in Sources */ = {isa = PBXBuildFile; fileRef = 4220E29B22C604DC00FEB7F8 /* UIViewController+ActivityIndicator.swift */; };
		4220E2A322C62B1A00FEB7F8 /* FollowingPresenter.swift in Sources */ = {isa = PBXBuildFile; fileRef = 4220E29D22C62B1A00FEB7F8 /* FollowingPresenter.swift */; };
		4220E2A422C62B1A00FEB7F8 /* FollowingRouter.swift in Sources */ = {isa = PBXBuildFile; fileRef = 4220E29E22C62B1A00FEB7F8 /* FollowingRouter.swift */; };
		4220E2A522C62B1A00FEB7F8 /* FollowingViewController.swift in Sources */ = {isa = PBXBuildFile; fileRef = 4220E29F22C62B1A00FEB7F8 /* FollowingViewController.swift */; };
		4220E2A622C62B1A00FEB7F8 /* FollowingProtocols.swift in Sources */ = {isa = PBXBuildFile; fileRef = 4220E2A022C62B1A00FEB7F8 /* FollowingProtocols.swift */; };
		4220E2A722C62B1A00FEB7F8 /* FollowingInteractor.swift in Sources */ = {isa = PBXBuildFile; fileRef = 4220E2A122C62B1A00FEB7F8 /* FollowingInteractor.swift */; };
		4220E2A822C62B1A00FEB7F8 /* FollowingContainer.swift in Sources */ = {isa = PBXBuildFile; fileRef = 4220E2A222C62B1A00FEB7F8 /* FollowingContainer.swift */; };
		4220E2AC22C62B7600FEB7F8 /* FollowingUserViewModel.swift in Sources */ = {isa = PBXBuildFile; fileRef = 4220E2AB22C62B7600FEB7F8 /* FollowingUserViewModel.swift */; };
		4220E2AE22C62B8800FEB7F8 /* FollowingUserView.swift in Sources */ = {isa = PBXBuildFile; fileRef = 4220E2AD22C62B8800FEB7F8 /* FollowingUserView.swift */; };
		4220E2B022C648CC00FEB7F8 /* FollowingTableViewCell.swift in Sources */ = {isa = PBXBuildFile; fileRef = 4220E2AF22C648CC00FEB7F8 /* FollowingTableViewCell.swift */; };
		4224F96322CA37EC00E847AB /* TrackListPresenter.swift in Sources */ = {isa = PBXBuildFile; fileRef = 4224F95D22CA37EC00E847AB /* TrackListPresenter.swift */; };
		4224F96422CA37EC00E847AB /* TrackListRouter.swift in Sources */ = {isa = PBXBuildFile; fileRef = 4224F95E22CA37EC00E847AB /* TrackListRouter.swift */; };
		4224F96522CA37EC00E847AB /* TrackListViewController.swift in Sources */ = {isa = PBXBuildFile; fileRef = 4224F95F22CA37EC00E847AB /* TrackListViewController.swift */; };
		4224F96622CA37EC00E847AB /* TrackListProtocols.swift in Sources */ = {isa = PBXBuildFile; fileRef = 4224F96022CA37EC00E847AB /* TrackListProtocols.swift */; };
		4224F96722CA37EC00E847AB /* TrackListInteractor.swift in Sources */ = {isa = PBXBuildFile; fileRef = 4224F96122CA37EC00E847AB /* TrackListInteractor.swift */; };
		4224F96822CA37EC00E847AB /* TrackListContainer.swift in Sources */ = {isa = PBXBuildFile; fileRef = 4224F96222CA37EC00E847AB /* TrackListContainer.swift */; };
		4224F96B22CA3D4D00E847AB /* TrackListItemViewModel.swift in Sources */ = {isa = PBXBuildFile; fileRef = 4224F96A22CA3D4D00E847AB /* TrackListItemViewModel.swift */; };
		4224F96D22CA3D7200E847AB /* TrackListItemView.swift in Sources */ = {isa = PBXBuildFile; fileRef = 4224F96C22CA3D7200E847AB /* TrackListItemView.swift */; };
		4224F96F22CA3DEE00E847AB /* TrackListTableViewCell.swift in Sources */ = {isa = PBXBuildFile; fileRef = 4224F96E22CA3DEE00E847AB /* TrackListTableViewCell.swift */; };
		42273C0122C79BAF00EDB1E5 /* JsonTrackList.swift in Sources */ = {isa = PBXBuildFile; fileRef = 42273C0022C79BAF00EDB1E5 /* JsonTrackList.swift */; };
		42273C0322C7A0C700EDB1E5 /* JsonTrack.swift in Sources */ = {isa = PBXBuildFile; fileRef = 42273C0222C7A0C700EDB1E5 /* JsonTrack.swift */; };
		42273C0522C7A12600EDB1E5 /* JsonTag.swift in Sources */ = {isa = PBXBuildFile; fileRef = 42273C0422C7A12600EDB1E5 /* JsonTag.swift */; };
		42273C0722C7A6BC00EDB1E5 /* TrackService.swift in Sources */ = {isa = PBXBuildFile; fileRef = 42273C0622C7A6BC00EDB1E5 /* TrackService.swift */; };
		42273C0922C7A6F400EDB1E5 /* Track.swift in Sources */ = {isa = PBXBuildFile; fileRef = 42273C0822C7A6F400EDB1E5 /* Track.swift */; };
		42273C0B22C7A7EA00EDB1E5 /* Tag.swift in Sources */ = {isa = PBXBuildFile; fileRef = 42273C0A22C7A7EA00EDB1E5 /* Tag.swift */; };
		42273C0D22C7ACB500EDB1E5 /* TrackServiceImpl.swift in Sources */ = {isa = PBXBuildFile; fileRef = 42273C0C22C7ACB500EDB1E5 /* TrackServiceImpl.swift */; };
		422E6EA322D3B93500DBEB2E /* MainPresenter.swift in Sources */ = {isa = PBXBuildFile; fileRef = 422E6E9D22D3B93500DBEB2E /* MainPresenter.swift */; };
		422E6EA522D3B93500DBEB2E /* MainViewController.swift in Sources */ = {isa = PBXBuildFile; fileRef = 422E6E9F22D3B93500DBEB2E /* MainViewController.swift */; };
		422E6EA622D3B93500DBEB2E /* MainProtocols.swift in Sources */ = {isa = PBXBuildFile; fileRef = 422E6EA022D3B93500DBEB2E /* MainProtocols.swift */; };
		422E6EA822D3B93500DBEB2E /* MainContainer.swift in Sources */ = {isa = PBXBuildFile; fileRef = 422E6EA222D3B93500DBEB2E /* MainContainer.swift */; };
		422EE0A722B3F1AB00451EED /* User.swift in Sources */ = {isa = PBXBuildFile; fileRef = 422EE0A622B3F1AB00451EED /* User.swift */; };
		422EE0A922B3F47A00451EED /* UserService.swift in Sources */ = {isa = PBXBuildFile; fileRef = 422EE0A822B3F47A00451EED /* UserService.swift */; };
		422EE0AB22B436D600451EED /* MixcloudApi.swift in Sources */ = {isa = PBXBuildFile; fileRef = 422EE0AA22B436D600451EED /* MixcloudApi.swift */; };
		422EE0AE22B7EF4200451EED /* UserServiceImpl.swift in Sources */ = {isa = PBXBuildFile; fileRef = 422EE0AD22B7EF4200451EED /* UserServiceImpl.swift */; };
		422EE0B022B803C300451EED /* Constants.swift in Sources */ = {isa = PBXBuildFile; fileRef = 422EE0AF22B803C300451EED /* Constants.swift */; };
		422EE0B522BA180D00451EED /* whatever.swift in Sources */ = {isa = PBXBuildFile; fileRef = 422EE0B422BA180D00451EED /* whatever.swift */; };
		422EE0B722BA2A0A00451EED /* MMError.swift in Sources */ = {isa = PBXBuildFile; fileRef = 422EE0B622BA2A0A00451EED /* MMError.swift */; };
		422EE0BD22C2180600451EED /* JsonUser.swift in Sources */ = {isa = PBXBuildFile; fileRef = 422EE0BC22C2180600451EED /* JsonUser.swift */; };
		422EE0BF22C21C1700451EED /* JsonDataConverter.swift in Sources */ = {isa = PBXBuildFile; fileRef = 422EE0BE22C21C1700451EED /* JsonDataConverter.swift */; };
		422EE0C122C2234F00451EED /* JsonFollowing.swift in Sources */ = {isa = PBXBuildFile; fileRef = 422EE0C022C2234F00451EED /* JsonFollowing.swift */; };
		422EE0CB22C25CC100451EED /* MainTabBarViewController.swift in Sources */ = {isa = PBXBuildFile; fileRef = 422EE0CA22C25CC100451EED /* MainTabBarViewController.swift */; };
		425255B422D7270100D2EDC9 /* TrackPresenter.swift in Sources */ = {isa = PBXBuildFile; fileRef = 425255AE22D7270100D2EDC9 /* TrackPresenter.swift */; };
		425255B522D7270100D2EDC9 /* TrackRouter.swift in Sources */ = {isa = PBXBuildFile; fileRef = 425255AF22D7270100D2EDC9 /* TrackRouter.swift */; };
		425255B622D7270100D2EDC9 /* TrackViewController.swift in Sources */ = {isa = PBXBuildFile; fileRef = 425255B022D7270100D2EDC9 /* TrackViewController.swift */; };
		425255B722D7270100D2EDC9 /* TrackProtocols.swift in Sources */ = {isa = PBXBuildFile; fileRef = 425255B122D7270100D2EDC9 /* TrackProtocols.swift */; };
		425255B822D7270100D2EDC9 /* TrackInteractor.swift in Sources */ = {isa = PBXBuildFile; fileRef = 425255B222D7270100D2EDC9 /* TrackInteractor.swift */; };
		425255B922D7270100D2EDC9 /* TrackContainer.swift in Sources */ = {isa = PBXBuildFile; fileRef = 425255B322D7270100D2EDC9 /* TrackContainer.swift */; };
		425255BD22D7275B00D2EDC9 /* TrackViewModel.swift in Sources */ = {isa = PBXBuildFile; fileRef = 425255BC22D7275B00D2EDC9 /* TrackViewModel.swift */; };
		425255BF22D7276700D2EDC9 /* TrackView.swift in Sources */ = {isa = PBXBuildFile; fileRef = 425255BE22D7276700D2EDC9 /* TrackView.swift */; };
		42B7D66722DA686D00ECDAB0 /* NetworkReachabilityService.swift in Sources */ = {isa = PBXBuildFile; fileRef = 42B7D66622DA686D00ECDAB0 /* NetworkReachabilityService.swift */; };
		42B7D66922DA68BD00ECDAB0 /* NetworkReachabilityServiceImpl.swift in Sources */ = {isa = PBXBuildFile; fileRef = 42B7D66822DA68BD00ECDAB0 /* NetworkReachabilityServiceImpl.swift */; };
		42B7D66B22DA892700ECDAB0 /* DummyViewModel.swift in Sources */ = {isa = PBXBuildFile; fileRef = 42B7D66A22DA892700ECDAB0 /* DummyViewModel.swift */; };
		42B7D66D22DCDF1100ECDAB0 /* MMViewController.swift in Sources */ = {isa = PBXBuildFile; fileRef = 42B7D66C22DCDF1100ECDAB0 /* MMViewController.swift */; };
		42B7D67022DD05C000ECDAB0 /* TableViewManager.swift in Sources */ = {isa = PBXBuildFile; fileRef = 42B7D66F22DD05C000ECDAB0 /* TableViewManager.swift */; };
		42DD63CB22B3E9E600A57196 /* AppDelegate.swift in Sources */ = {isa = PBXBuildFile; fileRef = 42DD63CA22B3E9E600A57196 /* AppDelegate.swift */; };
		42DD63D422B3E9E800A57196 /* Assets.xcassets in Resources */ = {isa = PBXBuildFile; fileRef = 42DD63D322B3E9E800A57196 /* Assets.xcassets */; };
		42DD63D722B3E9E800A57196 /* LaunchScreen.storyboard in Resources */ = {isa = PBXBuildFile; fileRef = 42DD63D522B3E9E800A57196 /* LaunchScreen.storyboard */; };
/* End PBXBuildFile section */

/* Begin PBXFileReference section */
		2CEC79FC10CFC172F0BB32F3 /* Pods_MyMixcloud.framework */ = {isa = PBXFileReference; explicitFileType = wrapper.framework; includeInIndex = 0; path = Pods_MyMixcloud.framework; sourceTree = BUILT_PRODUCTS_DIR; };
		414286C3B195E0AD9DF6DCC6 /* Pods-MyMixcloud.debug.xcconfig */ = {isa = PBXFileReference; includeInIndex = 1; lastKnownFileType = text.xcconfig; name = "Pods-MyMixcloud.debug.xcconfig"; path = "Pods/Target Support Files/Pods-MyMixcloud/Pods-MyMixcloud.debug.xcconfig"; sourceTree = "<group>"; };
		4201812322CF367A007752B9 /* InjectionManager.swift */ = {isa = PBXFileReference; lastKnownFileType = sourcecode.swift; path = InjectionManager.swift; sourceTree = "<group>"; };
		4201812522CFDEB0007752B9 /* SettingsService.swift */ = {isa = PBXFileReference; lastKnownFileType = sourcecode.swift; path = SettingsService.swift; sourceTree = "<group>"; };
		4201812722CFDF18007752B9 /* SettingsServiceImpl.swift */ = {isa = PBXFileReference; lastKnownFileType = sourcecode.swift; path = SettingsServiceImpl.swift; sourceTree = "<group>"; };
		4201812A22D072DA007752B9 /* LoginPresenter.swift */ = {isa = PBXFileReference; lastKnownFileType = sourcecode.swift; path = LoginPresenter.swift; sourceTree = "<group>"; };
		4201812B22D072DA007752B9 /* LoginRouter.swift */ = {isa = PBXFileReference; lastKnownFileType = sourcecode.swift; path = LoginRouter.swift; sourceTree = "<group>"; };
		4201812C22D072DA007752B9 /* LoginViewController.swift */ = {isa = PBXFileReference; lastKnownFileType = sourcecode.swift; path = LoginViewController.swift; sourceTree = "<group>"; };
		4201812D22D072DA007752B9 /* LoginProtocols.swift */ = {isa = PBXFileReference; lastKnownFileType = sourcecode.swift; path = LoginProtocols.swift; sourceTree = "<group>"; };
		4201812E22D072DA007752B9 /* LoginInteractor.swift */ = {isa = PBXFileReference; lastKnownFileType = sourcecode.swift; path = LoginInteractor.swift; sourceTree = "<group>"; };
		4201812F22D072DA007752B9 /* LoginContainer.swift */ = {isa = PBXFileReference; lastKnownFileType = sourcecode.swift; path = LoginContainer.swift; sourceTree = "<group>"; };
		4201813722D0730C007752B9 /* LoginViewModel.swift */ = {isa = PBXFileReference; lastKnownFileType = sourcecode.swift; path = LoginViewModel.swift; sourceTree = "<group>"; };
		4201813922D0731D007752B9 /* LoginView.swift */ = {isa = PBXFileReference; lastKnownFileType = sourcecode.swift; path = LoginView.swift; sourceTree = "<group>"; };
		4201813B22D27F75007752B9 /* AppRouter.swift */ = {isa = PBXFileReference; lastKnownFileType = sourcecode.swift; path = AppRouter.swift; sourceTree = "<group>"; };
		4201815822D32EC9007752B9 /* SettingsPresenter.swift */ = {isa = PBXFileReference; lastKnownFileType = sourcecode.swift; path = SettingsPresenter.swift; sourceTree = "<group>"; };
		4201815922D32EC9007752B9 /* SettingsRouter.swift */ = {isa = PBXFileReference; lastKnownFileType = sourcecode.swift; path = SettingsRouter.swift; sourceTree = "<group>"; };
		4201815A22D32EC9007752B9 /* SettingsViewController.swift */ = {isa = PBXFileReference; lastKnownFileType = sourcecode.swift; path = SettingsViewController.swift; sourceTree = "<group>"; };
		4201815B22D32EC9007752B9 /* SettingsProtocols.swift */ = {isa = PBXFileReference; lastKnownFileType = sourcecode.swift; path = SettingsProtocols.swift; sourceTree = "<group>"; };
		4201815C22D32EC9007752B9 /* SettingsInteractor.swift */ = {isa = PBXFileReference; lastKnownFileType = sourcecode.swift; path = SettingsInteractor.swift; sourceTree = "<group>"; };
		4201815D22D32EC9007752B9 /* SettingsContainer.swift */ = {isa = PBXFileReference; lastKnownFileType = sourcecode.swift; path = SettingsContainer.swift; sourceTree = "<group>"; };
		4220E28222C4E61900FEB7F8 /* UserProfilePresenter.swift */ = {isa = PBXFileReference; lastKnownFileType = sourcecode.swift; path = UserProfilePresenter.swift; sourceTree = "<group>"; };
		4220E28322C4E61900FEB7F8 /* UserProfileRouter.swift */ = {isa = PBXFileReference; lastKnownFileType = sourcecode.swift; path = UserProfileRouter.swift; sourceTree = "<group>"; };
		4220E28422C4E61900FEB7F8 /* UserProfileViewController.swift */ = {isa = PBXFileReference; lastKnownFileType = sourcecode.swift; path = UserProfileViewController.swift; sourceTree = "<group>"; };
		4220E28522C4E61900FEB7F8 /* UserProfileProtocols.swift */ = {isa = PBXFileReference; lastKnownFileType = sourcecode.swift; path = UserProfileProtocols.swift; sourceTree = "<group>"; };
		4220E28622C4E61900FEB7F8 /* UserProfileInteractor.swift */ = {isa = PBXFileReference; lastKnownFileType = sourcecode.swift; path = UserProfileInteractor.swift; sourceTree = "<group>"; };
		4220E28722C4E61900FEB7F8 /* UserProfileContainer.swift */ = {isa = PBXFileReference; lastKnownFileType = sourcecode.swift; path = UserProfileContainer.swift; sourceTree = "<group>"; };
		4220E28F22C5092400FEB7F8 /* UserProfileViewModel.swift */ = {isa = PBXFileReference; lastKnownFileType = sourcecode.swift; path = UserProfileViewModel.swift; sourceTree = "<group>"; };
		4220E29122C5093900FEB7F8 /* UserProfileView.swift */ = {isa = PBXFileReference; lastKnownFileType = sourcecode.swift; path = UserProfileView.swift; sourceTree = "<group>"; };
		4220E29422C5137300FEB7F8 /* MMFonts.swift */ = {isa = PBXFileReference; lastKnownFileType = sourcecode.swift; path = MMFonts.swift; sourceTree = "<group>"; };
		4220E29622C5139800FEB7F8 /* MMColors.swift */ = {isa = PBXFileReference; lastKnownFileType = sourcecode.swift; path = MMColors.swift; sourceTree = "<group>"; };
		4220E29822C585AC00FEB7F8 /* DummyView.swift */ = {isa = PBXFileReference; lastKnownFileType = sourcecode.swift; path = DummyView.swift; sourceTree = "<group>"; };
		4220E29B22C604DC00FEB7F8 /* UIViewController+ActivityIndicator.swift */ = {isa = PBXFileReference; lastKnownFileType = sourcecode.swift; path = "UIViewController+ActivityIndicator.swift"; sourceTree = "<group>"; };
		4220E29D22C62B1A00FEB7F8 /* FollowingPresenter.swift */ = {isa = PBXFileReference; lastKnownFileType = sourcecode.swift; path = FollowingPresenter.swift; sourceTree = "<group>"; };
		4220E29E22C62B1A00FEB7F8 /* FollowingRouter.swift */ = {isa = PBXFileReference; lastKnownFileType = sourcecode.swift; path = FollowingRouter.swift; sourceTree = "<group>"; };
		4220E29F22C62B1A00FEB7F8 /* FollowingViewController.swift */ = {isa = PBXFileReference; lastKnownFileType = sourcecode.swift; path = FollowingViewController.swift; sourceTree = "<group>"; };
		4220E2A022C62B1A00FEB7F8 /* FollowingProtocols.swift */ = {isa = PBXFileReference; lastKnownFileType = sourcecode.swift; path = FollowingProtocols.swift; sourceTree = "<group>"; };
		4220E2A122C62B1A00FEB7F8 /* FollowingInteractor.swift */ = {isa = PBXFileReference; lastKnownFileType = sourcecode.swift; path = FollowingInteractor.swift; sourceTree = "<group>"; };
		4220E2A222C62B1A00FEB7F8 /* FollowingContainer.swift */ = {isa = PBXFileReference; lastKnownFileType = sourcecode.swift; path = FollowingContainer.swift; sourceTree = "<group>"; };
		4220E2AB22C62B7600FEB7F8 /* FollowingUserViewModel.swift */ = {isa = PBXFileReference; lastKnownFileType = sourcecode.swift; path = FollowingUserViewModel.swift; sourceTree = "<group>"; };
		4220E2AD22C62B8800FEB7F8 /* FollowingUserView.swift */ = {isa = PBXFileReference; lastKnownFileType = sourcecode.swift; path = FollowingUserView.swift; sourceTree = "<group>"; };
		4220E2AF22C648CC00FEB7F8 /* FollowingTableViewCell.swift */ = {isa = PBXFileReference; lastKnownFileType = sourcecode.swift; path = FollowingTableViewCell.swift; sourceTree = "<group>"; };
		4224F95D22CA37EC00E847AB /* TrackListPresenter.swift */ = {isa = PBXFileReference; lastKnownFileType = sourcecode.swift; path = TrackListPresenter.swift; sourceTree = "<group>"; };
		4224F95E22CA37EC00E847AB /* TrackListRouter.swift */ = {isa = PBXFileReference; lastKnownFileType = sourcecode.swift; path = TrackListRouter.swift; sourceTree = "<group>"; };
		4224F95F22CA37EC00E847AB /* TrackListViewController.swift */ = {isa = PBXFileReference; lastKnownFileType = sourcecode.swift; path = TrackListViewController.swift; sourceTree = "<group>"; };
		4224F96022CA37EC00E847AB /* TrackListProtocols.swift */ = {isa = PBXFileReference; lastKnownFileType = sourcecode.swift; path = TrackListProtocols.swift; sourceTree = "<group>"; };
		4224F96122CA37EC00E847AB /* TrackListInteractor.swift */ = {isa = PBXFileReference; lastKnownFileType = sourcecode.swift; path = TrackListInteractor.swift; sourceTree = "<group>"; };
		4224F96222CA37EC00E847AB /* TrackListContainer.swift */ = {isa = PBXFileReference; lastKnownFileType = sourcecode.swift; path = TrackListContainer.swift; sourceTree = "<group>"; };
		4224F96A22CA3D4D00E847AB /* TrackListItemViewModel.swift */ = {isa = PBXFileReference; lastKnownFileType = sourcecode.swift; path = TrackListItemViewModel.swift; sourceTree = "<group>"; };
		4224F96C22CA3D7200E847AB /* TrackListItemView.swift */ = {isa = PBXFileReference; lastKnownFileType = sourcecode.swift; path = TrackListItemView.swift; sourceTree = "<group>"; };
		4224F96E22CA3DEE00E847AB /* TrackListTableViewCell.swift */ = {isa = PBXFileReference; lastKnownFileType = sourcecode.swift; path = TrackListTableViewCell.swift; sourceTree = "<group>"; };
		42273C0022C79BAF00EDB1E5 /* JsonTrackList.swift */ = {isa = PBXFileReference; lastKnownFileType = sourcecode.swift; path = JsonTrackList.swift; sourceTree = "<group>"; };
		42273C0222C7A0C700EDB1E5 /* JsonTrack.swift */ = {isa = PBXFileReference; lastKnownFileType = sourcecode.swift; path = JsonTrack.swift; sourceTree = "<group>"; };
		42273C0422C7A12600EDB1E5 /* JsonTag.swift */ = {isa = PBXFileReference; lastKnownFileType = sourcecode.swift; path = JsonTag.swift; sourceTree = "<group>"; };
		42273C0622C7A6BC00EDB1E5 /* TrackService.swift */ = {isa = PBXFileReference; lastKnownFileType = sourcecode.swift; path = TrackService.swift; sourceTree = "<group>"; };
		42273C0822C7A6F400EDB1E5 /* Track.swift */ = {isa = PBXFileReference; lastKnownFileType = sourcecode.swift; path = Track.swift; sourceTree = "<group>"; };
		42273C0A22C7A7EA00EDB1E5 /* Tag.swift */ = {isa = PBXFileReference; lastKnownFileType = sourcecode.swift; path = Tag.swift; sourceTree = "<group>"; };
		42273C0C22C7ACB500EDB1E5 /* TrackServiceImpl.swift */ = {isa = PBXFileReference; lastKnownFileType = sourcecode.swift; path = TrackServiceImpl.swift; sourceTree = "<group>"; };
		422E6E9D22D3B93500DBEB2E /* MainPresenter.swift */ = {isa = PBXFileReference; lastKnownFileType = sourcecode.swift; path = MainPresenter.swift; sourceTree = "<group>"; };
		422E6E9F22D3B93500DBEB2E /* MainViewController.swift */ = {isa = PBXFileReference; lastKnownFileType = sourcecode.swift; path = MainViewController.swift; sourceTree = "<group>"; };
		422E6EA022D3B93500DBEB2E /* MainProtocols.swift */ = {isa = PBXFileReference; lastKnownFileType = sourcecode.swift; path = MainProtocols.swift; sourceTree = "<group>"; };
		422E6EA222D3B93500DBEB2E /* MainContainer.swift */ = {isa = PBXFileReference; lastKnownFileType = sourcecode.swift; path = MainContainer.swift; sourceTree = "<group>"; };
		422EE0A622B3F1AB00451EED /* User.swift */ = {isa = PBXFileReference; lastKnownFileType = sourcecode.swift; path = User.swift; sourceTree = "<group>"; };
		422EE0A822B3F47A00451EED /* UserService.swift */ = {isa = PBXFileReference; lastKnownFileType = sourcecode.swift; path = UserService.swift; sourceTree = "<group>"; };
		422EE0AA22B436D600451EED /* MixcloudApi.swift */ = {isa = PBXFileReference; lastKnownFileType = sourcecode.swift; path = MixcloudApi.swift; sourceTree = "<group>"; };
		422EE0AD22B7EF4200451EED /* UserServiceImpl.swift */ = {isa = PBXFileReference; lastKnownFileType = sourcecode.swift; path = UserServiceImpl.swift; sourceTree = "<group>"; };
		422EE0AF22B803C300451EED /* Constants.swift */ = {isa = PBXFileReference; lastKnownFileType = sourcecode.swift; path = Constants.swift; sourceTree = "<group>"; };
		422EE0B422BA180D00451EED /* whatever.swift */ = {isa = PBXFileReference; lastKnownFileType = sourcecode.swift; path = whatever.swift; sourceTree = "<group>"; };
		422EE0B622BA2A0A00451EED /* MMError.swift */ = {isa = PBXFileReference; lastKnownFileType = sourcecode.swift; path = MMError.swift; sourceTree = "<group>"; };
		422EE0BC22C2180600451EED /* JsonUser.swift */ = {isa = PBXFileReference; lastKnownFileType = sourcecode.swift; path = JsonUser.swift; sourceTree = "<group>"; };
		422EE0BE22C21C1700451EED /* JsonDataConverter.swift */ = {isa = PBXFileReference; lastKnownFileType = sourcecode.swift; path = JsonDataConverter.swift; sourceTree = "<group>"; };
		422EE0C022C2234F00451EED /* JsonFollowing.swift */ = {isa = PBXFileReference; lastKnownFileType = sourcecode.swift; path = JsonFollowing.swift; sourceTree = "<group>"; };
		422EE0CA22C25CC100451EED /* MainTabBarViewController.swift */ = {isa = PBXFileReference; lastKnownFileType = sourcecode.swift; path = MainTabBarViewController.swift; sourceTree = "<group>"; };
		425255AE22D7270100D2EDC9 /* TrackPresenter.swift */ = {isa = PBXFileReference; lastKnownFileType = sourcecode.swift; path = TrackPresenter.swift; sourceTree = "<group>"; };
		425255AF22D7270100D2EDC9 /* TrackRouter.swift */ = {isa = PBXFileReference; lastKnownFileType = sourcecode.swift; path = TrackRouter.swift; sourceTree = "<group>"; };
		425255B022D7270100D2EDC9 /* TrackViewController.swift */ = {isa = PBXFileReference; lastKnownFileType = sourcecode.swift; path = TrackViewController.swift; sourceTree = "<group>"; };
		425255B122D7270100D2EDC9 /* TrackProtocols.swift */ = {isa = PBXFileReference; lastKnownFileType = sourcecode.swift; path = TrackProtocols.swift; sourceTree = "<group>"; };
		425255B222D7270100D2EDC9 /* TrackInteractor.swift */ = {isa = PBXFileReference; lastKnownFileType = sourcecode.swift; path = TrackInteractor.swift; sourceTree = "<group>"; };
		425255B322D7270100D2EDC9 /* TrackContainer.swift */ = {isa = PBXFileReference; lastKnownFileType = sourcecode.swift; path = TrackContainer.swift; sourceTree = "<group>"; };
		425255BC22D7275B00D2EDC9 /* TrackViewModel.swift */ = {isa = PBXFileReference; lastKnownFileType = sourcecode.swift; path = TrackViewModel.swift; sourceTree = "<group>"; };
		425255BE22D7276700D2EDC9 /* TrackView.swift */ = {isa = PBXFileReference; lastKnownFileType = sourcecode.swift; path = TrackView.swift; sourceTree = "<group>"; };
		42B7D66622DA686D00ECDAB0 /* NetworkReachabilityService.swift */ = {isa = PBXFileReference; lastKnownFileType = sourcecode.swift; path = NetworkReachabilityService.swift; sourceTree = "<group>"; };
		42B7D66822DA68BD00ECDAB0 /* NetworkReachabilityServiceImpl.swift */ = {isa = PBXFileReference; lastKnownFileType = sourcecode.swift; path = NetworkReachabilityServiceImpl.swift; sourceTree = "<group>"; };
		42B7D66A22DA892700ECDAB0 /* DummyViewModel.swift */ = {isa = PBXFileReference; lastKnownFileType = sourcecode.swift; path = DummyViewModel.swift; sourceTree = "<group>"; };
		42B7D66C22DCDF1100ECDAB0 /* MMViewController.swift */ = {isa = PBXFileReference; lastKnownFileType = sourcecode.swift; path = MMViewController.swift; sourceTree = "<group>"; };
		42B7D66F22DD05C000ECDAB0 /* TableViewManager.swift */ = {isa = PBXFileReference; lastKnownFileType = sourcecode.swift; path = TableViewManager.swift; sourceTree = "<group>"; };
		42DD63C722B3E9E600A57196 /* MyMixcloud.app */ = {isa = PBXFileReference; explicitFileType = wrapper.application; includeInIndex = 0; path = MyMixcloud.app; sourceTree = BUILT_PRODUCTS_DIR; };
		42DD63CA22B3E9E600A57196 /* AppDelegate.swift */ = {isa = PBXFileReference; lastKnownFileType = sourcecode.swift; path = AppDelegate.swift; sourceTree = "<group>"; };
		42DD63D322B3E9E800A57196 /* Assets.xcassets */ = {isa = PBXFileReference; lastKnownFileType = folder.assetcatalog; path = Assets.xcassets; sourceTree = "<group>"; };
		42DD63D622B3E9E800A57196 /* Base */ = {isa = PBXFileReference; lastKnownFileType = file.storyboard; name = Base; path = Base.lproj/LaunchScreen.storyboard; sourceTree = "<group>"; };
		42DD63D822B3E9E800A57196 /* Info.plist */ = {isa = PBXFileReference; lastKnownFileType = text.plist.xml; path = Info.plist; sourceTree = "<group>"; };
		8FC0D2BAC2FD7FF3D288AFF4 /* Pods-MyMixcloud.release.xcconfig */ = {isa = PBXFileReference; includeInIndex = 1; lastKnownFileType = text.xcconfig; name = "Pods-MyMixcloud.release.xcconfig"; path = "Pods/Target Support Files/Pods-MyMixcloud/Pods-MyMixcloud.release.xcconfig"; sourceTree = "<group>"; };
/* End PBXFileReference section */

/* Begin PBXFrameworksBuildPhase section */
		42DD63C422B3E9E600A57196 /* Frameworks */ = {
			isa = PBXFrameworksBuildPhase;
			buildActionMask = 2147483647;
			files = (
				09FCD24CFF31A42404F9E277 /* Pods_MyMixcloud.framework in Frameworks */,
			);
			runOnlyForDeploymentPostprocessing = 0;
		};
/* End PBXFrameworksBuildPhase section */

/* Begin PBXGroup section */
		4201812922D0726C007752B9 /* Login */ = {
			isa = PBXGroup;
			children = (
				4201813622D072F5007752B9 /* View */,
				4201812A22D072DA007752B9 /* LoginPresenter.swift */,
				4201812B22D072DA007752B9 /* LoginRouter.swift */,
				4201812C22D072DA007752B9 /* LoginViewController.swift */,
				4201812D22D072DA007752B9 /* LoginProtocols.swift */,
				4201812E22D072DA007752B9 /* LoginInteractor.swift */,
				4201812F22D072DA007752B9 /* LoginContainer.swift */,
			);
			path = Login;
			sourceTree = "<group>";
		};
		4201813622D072F5007752B9 /* View */ = {
			isa = PBXGroup;
			children = (
				4201813722D0730C007752B9 /* LoginViewModel.swift */,
				4201813922D0731D007752B9 /* LoginView.swift */,
			);
			path = View;
			sourceTree = "<group>";
		};
		4201816522D32F36007752B9 /* Settings */ = {
			isa = PBXGroup;
			children = (
				4201815822D32EC9007752B9 /* SettingsPresenter.swift */,
				4201815922D32EC9007752B9 /* SettingsRouter.swift */,
				4201815A22D32EC9007752B9 /* SettingsViewController.swift */,
				4201815B22D32EC9007752B9 /* SettingsProtocols.swift */,
				4201815C22D32EC9007752B9 /* SettingsInteractor.swift */,
				4201815D22D32EC9007752B9 /* SettingsContainer.swift */,
			);
			path = Settings;
			sourceTree = "<group>";
		};
		4220E27522C4A8E400FEB7F8 /* ViewControllers */ = {
			isa = PBXGroup;
			children = (
				42B7D66E22DCED3800ECDAB0 /* Dummy */,
				42B7D66C22DCDF1100ECDAB0 /* MMViewController.swift */,
			);
			path = ViewControllers;
			sourceTree = "<group>";
		};
		4220E28E22C4E62400FEB7F8 /* UserProfile */ = {
			isa = PBXGroup;
			children = (
				4220E29322C5094000FEB7F8 /* View */,
				4220E28222C4E61900FEB7F8 /* UserProfilePresenter.swift */,
				4220E28322C4E61900FEB7F8 /* UserProfileRouter.swift */,
				4220E28422C4E61900FEB7F8 /* UserProfileViewController.swift */,
				4220E28522C4E61900FEB7F8 /* UserProfileProtocols.swift */,
				4220E28622C4E61900FEB7F8 /* UserProfileInteractor.swift */,
				4220E28722C4E61900FEB7F8 /* UserProfileContainer.swift */,
			);
			path = UserProfile;
			sourceTree = "<group>";
		};
		4220E29322C5094000FEB7F8 /* View */ = {
			isa = PBXGroup;
			children = (
				4220E28F22C5092400FEB7F8 /* UserProfileViewModel.swift */,
				4220E29122C5093900FEB7F8 /* UserProfileView.swift */,
			);
			path = View;
			sourceTree = "<group>";
		};
		4220E2A922C62B2800FEB7F8 /* Following */ = {
			isa = PBXGroup;
			children = (
				4220E2AA22C62B4E00FEB7F8 /* View */,
				4220E29D22C62B1A00FEB7F8 /* FollowingPresenter.swift */,
				4220E29E22C62B1A00FEB7F8 /* FollowingRouter.swift */,
				4220E29F22C62B1A00FEB7F8 /* FollowingViewController.swift */,
				4220E2A022C62B1A00FEB7F8 /* FollowingProtocols.swift */,
				4220E2A122C62B1A00FEB7F8 /* FollowingInteractor.swift */,
				4220E2A222C62B1A00FEB7F8 /* FollowingContainer.swift */,
			);
			path = Following;
			sourceTree = "<group>";
		};
		4220E2AA22C62B4E00FEB7F8 /* View */ = {
			isa = PBXGroup;
			children = (
				4220E2AB22C62B7600FEB7F8 /* FollowingUserViewModel.swift */,
				4220E2AD22C62B8800FEB7F8 /* FollowingUserView.swift */,
				4220E2AF22C648CC00FEB7F8 /* FollowingTableViewCell.swift */,
			);
			path = View;
			sourceTree = "<group>";
		};
		4224F95C22CA37C000E847AB /* TrackList */ = {
			isa = PBXGroup;
			children = (
				4224F96922CA3D1600E847AB /* View */,
				4224F95D22CA37EC00E847AB /* TrackListPresenter.swift */,
				4224F95E22CA37EC00E847AB /* TrackListRouter.swift */,
				4224F96022CA37EC00E847AB /* TrackListProtocols.swift */,
				4224F96122CA37EC00E847AB /* TrackListInteractor.swift */,
				4224F96222CA37EC00E847AB /* TrackListContainer.swift */,
			);
			path = TrackList;
			sourceTree = "<group>";
		};
		4224F96922CA3D1600E847AB /* View */ = {
			isa = PBXGroup;
			children = (
				4224F96A22CA3D4D00E847AB /* TrackListItemViewModel.swift */,
				4224F96C22CA3D7200E847AB /* TrackListItemView.swift */,
				4224F96E22CA3DEE00E847AB /* TrackListTableViewCell.swift */,
				4224F95F22CA37EC00E847AB /* TrackListViewController.swift */,
				42B7D66F22DD05C000ECDAB0 /* TableViewManager.swift */,
			);
			path = View;
			sourceTree = "<group>";
		};
		422E6E9C22D3B91E00DBEB2E /* Main */ = {
			isa = PBXGroup;
			children = (
				422E6E9D22D3B93500DBEB2E /* MainPresenter.swift */,
				422E6E9F22D3B93500DBEB2E /* MainViewController.swift */,
				422E6EA022D3B93500DBEB2E /* MainProtocols.swift */,
				422E6EA222D3B93500DBEB2E /* MainContainer.swift */,
			);
			path = Main;
			sourceTree = "<group>";
		};
		422EE0A422B3F14600451EED /* Models */ = {
			isa = PBXGroup;
			children = (
				422EE0A622B3F1AB00451EED /* User.swift */,
				42273C0822C7A6F400EDB1E5 /* Track.swift */,
				42273C0A22C7A7EA00EDB1E5 /* Tag.swift */,
			);
			path = Models;
			sourceTree = "<group>";
		};
		422EE0A522B3F15200451EED /* Services */ = {
			isa = PBXGroup;
			children = (
				422EE0AA22B436D600451EED /* MixcloudApi.swift */,
				422EE0BB22C217CD00451EED /* JsonDecoding */,
				422EE0A822B3F47A00451EED /* UserService.swift */,
				422EE0AD22B7EF4200451EED /* UserServiceImpl.swift */,
				42273C0622C7A6BC00EDB1E5 /* TrackService.swift */,
				42273C0C22C7ACB500EDB1E5 /* TrackServiceImpl.swift */,
				4201812522CFDEB0007752B9 /* SettingsService.swift */,
				4201812722CFDF18007752B9 /* SettingsServiceImpl.swift */,
				42B7D66622DA686D00ECDAB0 /* NetworkReachabilityService.swift */,
				42B7D66822DA68BD00ECDAB0 /* NetworkReachabilityServiceImpl.swift */,
			);
			path = Services;
			sourceTree = "<group>";
		};
		422EE0AC22B7EEB800451EED /* Utils */ = {
			isa = PBXGroup;
			children = (
				422EE0AF22B803C300451EED /* Constants.swift */,
				422EE0B622BA2A0A00451EED /* MMError.swift */,
				4220E29422C5137300FEB7F8 /* MMFonts.swift */,
				4220E29622C5139800FEB7F8 /* MMColors.swift */,
				4220E29B22C604DC00FEB7F8 /* UIViewController+ActivityIndicator.swift */,
			);
			path = Utils;
			sourceTree = "<group>";
		};
		422EE0B322BA17A600451EED /* TestStuff */ = {
			isa = PBXGroup;
			children = (
				422EE0CA22C25CC100451EED /* MainTabBarViewController.swift */,
				422EE0B422BA180D00451EED /* whatever.swift */,
			);
			path = TestStuff;
			sourceTree = "<group>";
		};
		422EE0BB22C217CD00451EED /* JsonDecoding */ = {
			isa = PBXGroup;
			children = (
				422EE0BE22C21C1700451EED /* JsonDataConverter.swift */,
				422EE0BC22C2180600451EED /* JsonUser.swift */,
				422EE0C022C2234F00451EED /* JsonFollowing.swift */,
				42273C0022C79BAF00EDB1E5 /* JsonTrackList.swift */,
				42273C0222C7A0C700EDB1E5 /* JsonTrack.swift */,
				42273C0422C7A12600EDB1E5 /* JsonTag.swift */,
			);
			path = JsonDecoding;
			sourceTree = "<group>";
		};
		422EE0C222C2556E00451EED /* Modules */ = {
			isa = PBXGroup;
			children = (
				4201812922D0726C007752B9 /* Login */,
				422E6E9C22D3B91E00DBEB2E /* Main */,
				4220E28E22C4E62400FEB7F8 /* UserProfile */,
				425255BA22D7270C00D2EDC9 /* Track */,
				4220E2A922C62B2800FEB7F8 /* Following */,
				4224F95C22CA37C000E847AB /* TrackList */,
				4201816522D32F36007752B9 /* Settings */,
			);
			path = Modules;
			sourceTree = "<group>";
		};
		425255BA22D7270C00D2EDC9 /* Track */ = {
			isa = PBXGroup;
			children = (
				425255BB22D7274900D2EDC9 /* View */,
				425255AE22D7270100D2EDC9 /* TrackPresenter.swift */,
				425255AF22D7270100D2EDC9 /* TrackRouter.swift */,
				425255B022D7270100D2EDC9 /* TrackViewController.swift */,
				425255B122D7270100D2EDC9 /* TrackProtocols.swift */,
				425255B222D7270100D2EDC9 /* TrackInteractor.swift */,
				425255B322D7270100D2EDC9 /* TrackContainer.swift */,
			);
			path = Track;
			sourceTree = "<group>";
		};
		425255BB22D7274900D2EDC9 /* View */ = {
			isa = PBXGroup;
			children = (
				425255BC22D7275B00D2EDC9 /* TrackViewModel.swift */,
				425255BE22D7276700D2EDC9 /* TrackView.swift */,
			);
			path = View;
			sourceTree = "<group>";
		};
		42B7D66E22DCED3800ECDAB0 /* Dummy */ = {
			isa = PBXGroup;
			children = (
				4220E29822C585AC00FEB7F8 /* DummyView.swift */,
				42B7D66A22DA892700ECDAB0 /* DummyViewModel.swift */,
			);
			path = Dummy;
			sourceTree = "<group>";
		};
		42DD63BE22B3E9E600A57196 = {
			isa = PBXGroup;
			children = (
				42DD63C922B3E9E600A57196 /* MyMixcloud */,
				42DD63C822B3E9E600A57196 /* Products */,
				F9146AF031C5CC1BCDEB939D /* Pods */,
				D241E16A069FBD01953A15AD /* Frameworks */,
			);
			sourceTree = "<group>";
		};
		42DD63C822B3E9E600A57196 /* Products */ = {
			isa = PBXGroup;
			children = (
				42DD63C722B3E9E600A57196 /* MyMixcloud.app */,
			);
			name = Products;
			sourceTree = "<group>";
		};
		42DD63C922B3E9E600A57196 /* MyMixcloud */ = {
			isa = PBXGroup;
			children = (
				42DD63CA22B3E9E600A57196 /* AppDelegate.swift */,
				4201813B22D27F75007752B9 /* AppRouter.swift */,
				4201812322CF367A007752B9 /* InjectionManager.swift */,
				42DD63D522B3E9E800A57196 /* LaunchScreen.storyboard */,
				42DD63D322B3E9E800A57196 /* Assets.xcassets */,
				42DD63D822B3E9E800A57196 /* Info.plist */,
				4220E27522C4A8E400FEB7F8 /* ViewControllers */,
				422EE0C222C2556E00451EED /* Modules */,
				422EE0A522B3F15200451EED /* Services */,
				422EE0A422B3F14600451EED /* Models */,
				422EE0AC22B7EEB800451EED /* Utils */,
				422EE0B322BA17A600451EED /* TestStuff */,
			);
			path = MyMixcloud;
			sourceTree = "<group>";
		};
		D241E16A069FBD01953A15AD /* Frameworks */ = {
			isa = PBXGroup;
			children = (
				2CEC79FC10CFC172F0BB32F3 /* Pods_MyMixcloud.framework */,
			);
			name = Frameworks;
			sourceTree = "<group>";
		};
		F9146AF031C5CC1BCDEB939D /* Pods */ = {
			isa = PBXGroup;
			children = (
				414286C3B195E0AD9DF6DCC6 /* Pods-MyMixcloud.debug.xcconfig */,
				8FC0D2BAC2FD7FF3D288AFF4 /* Pods-MyMixcloud.release.xcconfig */,
			);
			name = Pods;
			sourceTree = "<group>";
		};
/* End PBXGroup section */

/* Begin PBXNativeTarget section */
		42DD63C622B3E9E600A57196 /* MyMixcloud */ = {
			isa = PBXNativeTarget;
			buildConfigurationList = 42DD63DB22B3E9E800A57196 /* Build configuration list for PBXNativeTarget "MyMixcloud" */;
			buildPhases = (
				2EE8D42E858F9B630A965B5E /* [CP] Check Pods Manifest.lock */,
				42DD63C322B3E9E600A57196 /* Sources */,
				42DD63C422B3E9E600A57196 /* Frameworks */,
				42DD63C522B3E9E600A57196 /* Resources */,
				C284D4D5E15B53693B5A3A14 /* [CP] Embed Pods Frameworks */,
			);
			buildRules = (
			);
			dependencies = (
			);
			name = MyMixcloud;
			productName = MyMixcloud;
			productReference = 42DD63C722B3E9E600A57196 /* MyMixcloud.app */;
			productType = "com.apple.product-type.application";
		};
/* End PBXNativeTarget section */

/* Begin PBXProject section */
		42DD63BF22B3E9E600A57196 /* Project object */ = {
			isa = PBXProject;
			attributes = {
				LastSwiftUpdateCheck = 1020;
				LastUpgradeCheck = 1020;
				ORGANIZATIONNAME = ryabchikova;
				TargetAttributes = {
					42DD63C622B3E9E600A57196 = {
						CreatedOnToolsVersion = 10.2.1;
					};
				};
			};
			buildConfigurationList = 42DD63C222B3E9E600A57196 /* Build configuration list for PBXProject "MyMixcloud" */;
			compatibilityVersion = "Xcode 9.3";
			developmentRegion = en;
			hasScannedForEncodings = 0;
			knownRegions = (
				en,
				Base,
			);
			mainGroup = 42DD63BE22B3E9E600A57196;
			productRefGroup = 42DD63C822B3E9E600A57196 /* Products */;
			projectDirPath = "";
			projectRoot = "";
			targets = (
				42DD63C622B3E9E600A57196 /* MyMixcloud */,
			);
		};
/* End PBXProject section */

/* Begin PBXResourcesBuildPhase section */
		42DD63C522B3E9E600A57196 /* Resources */ = {
			isa = PBXResourcesBuildPhase;
			buildActionMask = 2147483647;
			files = (
				42DD63D722B3E9E800A57196 /* LaunchScreen.storyboard in Resources */,
				42DD63D422B3E9E800A57196 /* Assets.xcassets in Resources */,
			);
			runOnlyForDeploymentPostprocessing = 0;
		};
/* End PBXResourcesBuildPhase section */

/* Begin PBXShellScriptBuildPhase section */
		2EE8D42E858F9B630A965B5E /* [CP] Check Pods Manifest.lock */ = {
			isa = PBXShellScriptBuildPhase;
			buildActionMask = 2147483647;
			files = (
			);
			inputFileListPaths = (
			);
			inputPaths = (
				"${PODS_PODFILE_DIR_PATH}/Podfile.lock",
				"${PODS_ROOT}/Manifest.lock",
			);
			name = "[CP] Check Pods Manifest.lock";
			outputFileListPaths = (
			);
			outputPaths = (
				"$(DERIVED_FILE_DIR)/Pods-MyMixcloud-checkManifestLockResult.txt",
			);
			runOnlyForDeploymentPostprocessing = 0;
			shellPath = /bin/sh;
			shellScript = "diff \"${PODS_PODFILE_DIR_PATH}/Podfile.lock\" \"${PODS_ROOT}/Manifest.lock\" > /dev/null\nif [ $? != 0 ] ; then\n    # print error to STDERR\n    echo \"error: The sandbox is not in sync with the Podfile.lock. Run 'pod install' or update your CocoaPods installation.\" >&2\n    exit 1\nfi\n# This output is used by Xcode 'outputs' to avoid re-running this script phase.\necho \"SUCCESS\" > \"${SCRIPT_OUTPUT_FILE_0}\"\n";
			showEnvVarsInLog = 0;
		};
		C284D4D5E15B53693B5A3A14 /* [CP] Embed Pods Frameworks */ = {
			isa = PBXShellScriptBuildPhase;
			buildActionMask = 2147483647;
			files = (
			);
			inputFileListPaths = (
			);
			inputPaths = (
				"${SRCROOT}/Pods/Target Support Files/Pods-MyMixcloud/Pods-MyMixcloud-frameworks.sh",
				"${BUILT_PRODUCTS_DIR}/Alamofire/Alamofire.framework",
				"${BUILT_PRODUCTS_DIR}/FlexLayout/FlexLayout.framework",
				"${BUILT_PRODUCTS_DIR}/PinLayout/PinLayout.framework",
				"${BUILT_PRODUCTS_DIR}/SDWebImage/SDWebImage.framework",
				"${BUILT_PRODUCTS_DIR}/Swinject/Swinject.framework",
			);
			name = "[CP] Embed Pods Frameworks";
			outputFileListPaths = (
			);
			outputPaths = (
				"${TARGET_BUILD_DIR}/${FRAMEWORKS_FOLDER_PATH}/Alamofire.framework",
				"${TARGET_BUILD_DIR}/${FRAMEWORKS_FOLDER_PATH}/FlexLayout.framework",
				"${TARGET_BUILD_DIR}/${FRAMEWORKS_FOLDER_PATH}/PinLayout.framework",
				"${TARGET_BUILD_DIR}/${FRAMEWORKS_FOLDER_PATH}/SDWebImage.framework",
				"${TARGET_BUILD_DIR}/${FRAMEWORKS_FOLDER_PATH}/Swinject.framework",
			);
			runOnlyForDeploymentPostprocessing = 0;
			shellPath = /bin/sh;
			shellScript = "\"${SRCROOT}/Pods/Target Support Files/Pods-MyMixcloud/Pods-MyMixcloud-frameworks.sh\"\n";
			showEnvVarsInLog = 0;
		};
/* End PBXShellScriptBuildPhase section */

/* Begin PBXSourcesBuildPhase section */
		42DD63C322B3E9E600A57196 /* Sources */ = {
			isa = PBXSourcesBuildPhase;
			buildActionMask = 2147483647;
			files = (
				4201813522D072DA007752B9 /* LoginContainer.swift in Sources */,
				4201815F22D32EC9007752B9 /* SettingsRouter.swift in Sources */,
				42273C0722C7A6BC00EDB1E5 /* TrackService.swift in Sources */,
				42B7D66922DA68BD00ECDAB0 /* NetworkReachabilityServiceImpl.swift in Sources */,
				42273C0522C7A12600EDB1E5 /* JsonTag.swift in Sources */,
				425255B622D7270100D2EDC9 /* TrackViewController.swift in Sources */,
				425255B422D7270100D2EDC9 /* TrackPresenter.swift in Sources */,
				4224F96322CA37EC00E847AB /* TrackListPresenter.swift in Sources */,
				422EE0A722B3F1AB00451EED /* User.swift in Sources */,
				4220E2A622C62B1A00FEB7F8 /* FollowingProtocols.swift in Sources */,
				4220E29722C5139800FEB7F8 /* MMColors.swift in Sources */,
				4220E2AC22C62B7600FEB7F8 /* FollowingUserViewModel.swift in Sources */,
				4201813822D0730C007752B9 /* LoginViewModel.swift in Sources */,
				4220E28822C4E61900FEB7F8 /* UserProfilePresenter.swift in Sources */,
				4201813122D072DA007752B9 /* LoginRouter.swift in Sources */,
				42B7D66722DA686D00ECDAB0 /* NetworkReachabilityService.swift in Sources */,
				4224F96522CA37EC00E847AB /* TrackListViewController.swift in Sources */,
				42B7D66D22DCDF1100ECDAB0 /* MMViewController.swift in Sources */,
				422E6EA522D3B93500DBEB2E /* MainViewController.swift in Sources */,
				422EE0B722BA2A0A00451EED /* MMError.swift in Sources */,
				4201812822CFDF18007752B9 /* SettingsServiceImpl.swift in Sources */,
				4220E2B022C648CC00FEB7F8 /* FollowingTableViewCell.swift in Sources */,
				4201816122D32EC9007752B9 /* SettingsProtocols.swift in Sources */,
				4201813022D072DA007752B9 /* LoginPresenter.swift in Sources */,
				42B7D66B22DA892700ECDAB0 /* DummyViewModel.swift in Sources */,
				4224F96422CA37EC00E847AB /* TrackListRouter.swift in Sources */,
				4220E28922C4E61900FEB7F8 /* UserProfileRouter.swift in Sources */,
				4220E28C22C4E61900FEB7F8 /* UserProfileInteractor.swift in Sources */,
				42273C0922C7A6F400EDB1E5 /* Track.swift in Sources */,
				4220E2A822C62B1A00FEB7F8 /* FollowingContainer.swift in Sources */,
				422EE0A922B3F47A00451EED /* UserService.swift in Sources */,
				42B7D67022DD05C000ECDAB0 /* TableViewManager.swift in Sources */,
				4201816022D32EC9007752B9 /* SettingsViewController.swift in Sources */,
				4224F96F22CA3DEE00E847AB /* TrackListTableViewCell.swift in Sources */,
				42273C0B22C7A7EA00EDB1E5 /* Tag.swift in Sources */,
				4220E2A322C62B1A00FEB7F8 /* FollowingPresenter.swift in Sources */,
				4224F96622CA37EC00E847AB /* TrackListProtocols.swift in Sources */,
				4201813322D072DA007752B9 /* LoginProtocols.swift in Sources */,
				422E6EA822D3B93500DBEB2E /* MainContainer.swift in Sources */,
				42273C0122C79BAF00EDB1E5 /* JsonTrackList.swift in Sources */,
				4201812422CF367A007752B9 /* InjectionManager.swift in Sources */,
				4220E2AE22C62B8800FEB7F8 /* FollowingUserView.swift in Sources */,
				4220E28A22C4E61900FEB7F8 /* UserProfileViewController.swift in Sources */,
				4201813222D072DA007752B9 /* LoginViewController.swift in Sources */,
				4201813C22D27F75007752B9 /* AppRouter.swift in Sources */,
				425255B822D7270100D2EDC9 /* TrackInteractor.swift in Sources */,
				425255B922D7270100D2EDC9 /* TrackContainer.swift in Sources */,
				4220E29222C5093900FEB7F8 /* UserProfileView.swift in Sources */,
				4220E2A522C62B1A00FEB7F8 /* FollowingViewController.swift in Sources */,
				4201816322D32EC9007752B9 /* SettingsContainer.swift in Sources */,
				4201813422D072DA007752B9 /* LoginInteractor.swift in Sources */,
				4220E29C22C604DC00FEB7F8 /* UIViewController+ActivityIndicator.swift in Sources */,
				422EE0AB22B436D600451EED /* MixcloudApi.swift in Sources */,
				4220E29922C585AC00FEB7F8 /* DummyView.swift in Sources */,
				422EE0BF22C21C1700451EED /* JsonDataConverter.swift in Sources */,
				425255B522D7270100D2EDC9 /* TrackRouter.swift in Sources */,
				425255B722D7270100D2EDC9 /* TrackProtocols.swift in Sources */,
				4220E29522C5137300FEB7F8 /* MMFonts.swift in Sources */,
				4201815E22D32EC9007752B9 /* SettingsPresenter.swift in Sources */,
				425255BD22D7275B00D2EDC9 /* TrackViewModel.swift in Sources */,
				4220E28B22C4E61900FEB7F8 /* UserProfileProtocols.swift in Sources */,
				422EE0BD22C2180600451EED /* JsonUser.swift in Sources */,
				4201813A22D0731D007752B9 /* LoginView.swift in Sources */,
				4201812622CFDEB0007752B9 /* SettingsService.swift in Sources */,
				4220E2A722C62B1A00FEB7F8 /* FollowingInteractor.swift in Sources */,
				4220E29022C5092400FEB7F8 /* UserProfileViewModel.swift in Sources */,
				422EE0CB22C25CC100451EED /* MainTabBarViewController.swift in Sources */,
				422E6EA622D3B93500DBEB2E /* MainProtocols.swift in Sources */,
				4201816222D32EC9007752B9 /* SettingsInteractor.swift in Sources */,
				4224F96722CA37EC00E847AB /* TrackListInteractor.swift in Sources */,
				422EE0AE22B7EF4200451EED /* UserServiceImpl.swift in Sources */,
				42DD63CB22B3E9E600A57196 /* AppDelegate.swift in Sources */,
				4224F96822CA37EC00E847AB /* TrackListContainer.swift in Sources */,
				4220E28D22C4E61900FEB7F8 /* UserProfileContainer.swift in Sources */,
				422EE0C122C2234F00451EED /* JsonFollowing.swift in Sources */,
				4224F96B22CA3D4D00E847AB /* TrackListItemViewModel.swift in Sources */,
				42273C0D22C7ACB500EDB1E5 /* TrackServiceImpl.swift in Sources */,
				422EE0B022B803C300451EED /* Constants.swift in Sources */,
				422E6EA322D3B93500DBEB2E /* MainPresenter.swift in Sources */,
				4220E2A422C62B1A00FEB7F8 /* FollowingRouter.swift in Sources */,
				4224F96D22CA3D7200E847AB /* TrackListItemView.swift in Sources */,
				422EE0B522BA180D00451EED /* whatever.swift in Sources */,
				425255BF22D7276700D2EDC9 /* TrackView.swift in Sources */,
				42273C0322C7A0C700EDB1E5 /* JsonTrack.swift in Sources */,
			);
			runOnlyForDeploymentPostprocessing = 0;
		};
/* End PBXSourcesBuildPhase section */

/* Begin PBXVariantGroup section */
		42DD63D522B3E9E800A57196 /* LaunchScreen.storyboard */ = {
			isa = PBXVariantGroup;
			children = (
				42DD63D622B3E9E800A57196 /* Base */,
			);
			name = LaunchScreen.storyboard;
			sourceTree = "<group>";
		};
/* End PBXVariantGroup section */

/* Begin XCBuildConfiguration section */
		42DD63D922B3E9E800A57196 /* Debug */ = {
			isa = XCBuildConfiguration;
			buildSettings = {
				ALWAYS_SEARCH_USER_PATHS = NO;
				CLANG_ANALYZER_NONNULL = YES;
				CLANG_ANALYZER_NUMBER_OBJECT_CONVERSION = YES_AGGRESSIVE;
				CLANG_CXX_LANGUAGE_STANDARD = "gnu++14";
				CLANG_CXX_LIBRARY = "libc++";
				CLANG_ENABLE_MODULES = YES;
				CLANG_ENABLE_OBJC_ARC = YES;
				CLANG_ENABLE_OBJC_WEAK = YES;
				CLANG_WARN_BLOCK_CAPTURE_AUTORELEASING = YES;
				CLANG_WARN_BOOL_CONVERSION = YES;
				CLANG_WARN_COMMA = YES;
				CLANG_WARN_CONSTANT_CONVERSION = YES;
				CLANG_WARN_DEPRECATED_OBJC_IMPLEMENTATIONS = YES;
				CLANG_WARN_DIRECT_OBJC_ISA_USAGE = YES_ERROR;
				CLANG_WARN_DOCUMENTATION_COMMENTS = YES;
				CLANG_WARN_EMPTY_BODY = YES;
				CLANG_WARN_ENUM_CONVERSION = YES;
				CLANG_WARN_INFINITE_RECURSION = YES;
				CLANG_WARN_INT_CONVERSION = YES;
				CLANG_WARN_NON_LITERAL_NULL_CONVERSION = YES;
				CLANG_WARN_OBJC_IMPLICIT_RETAIN_SELF = YES;
				CLANG_WARN_OBJC_LITERAL_CONVERSION = YES;
				CLANG_WARN_OBJC_ROOT_CLASS = YES_ERROR;
				CLANG_WARN_RANGE_LOOP_ANALYSIS = YES;
				CLANG_WARN_STRICT_PROTOTYPES = YES;
				CLANG_WARN_SUSPICIOUS_MOVE = YES;
				CLANG_WARN_UNGUARDED_AVAILABILITY = YES_AGGRESSIVE;
				CLANG_WARN_UNREACHABLE_CODE = YES;
				CLANG_WARN__DUPLICATE_METHOD_MATCH = YES;
				CODE_SIGN_IDENTITY = "iPhone Developer";
				COPY_PHASE_STRIP = NO;
				DEBUG_INFORMATION_FORMAT = dwarf;
				ENABLE_STRICT_OBJC_MSGSEND = YES;
				ENABLE_TESTABILITY = YES;
				GCC_C_LANGUAGE_STANDARD = gnu11;
				GCC_DYNAMIC_NO_PIC = NO;
				GCC_NO_COMMON_BLOCKS = YES;
				GCC_OPTIMIZATION_LEVEL = 0;
				GCC_PREPROCESSOR_DEFINITIONS = (
					"DEBUG=1",
					"$(inherited)",
				);
				GCC_WARN_64_TO_32_BIT_CONVERSION = YES;
				GCC_WARN_ABOUT_RETURN_TYPE = YES_ERROR;
				GCC_WARN_UNDECLARED_SELECTOR = YES;
				GCC_WARN_UNINITIALIZED_AUTOS = YES_AGGRESSIVE;
				GCC_WARN_UNUSED_FUNCTION = YES;
				GCC_WARN_UNUSED_VARIABLE = YES;
				IPHONEOS_DEPLOYMENT_TARGET = 12.2;
				MTL_ENABLE_DEBUG_INFO = INCLUDE_SOURCE;
				MTL_FAST_MATH = YES;
				ONLY_ACTIVE_ARCH = YES;
				SDKROOT = iphoneos;
				SWIFT_ACTIVE_COMPILATION_CONDITIONS = DEBUG;
				SWIFT_OPTIMIZATION_LEVEL = "-Onone";
			};
			name = Debug;
		};
		42DD63DA22B3E9E800A57196 /* Release */ = {
			isa = XCBuildConfiguration;
			buildSettings = {
				ALWAYS_SEARCH_USER_PATHS = NO;
				CLANG_ANALYZER_NONNULL = YES;
				CLANG_ANALYZER_NUMBER_OBJECT_CONVERSION = YES_AGGRESSIVE;
				CLANG_CXX_LANGUAGE_STANDARD = "gnu++14";
				CLANG_CXX_LIBRARY = "libc++";
				CLANG_ENABLE_MODULES = YES;
				CLANG_ENABLE_OBJC_ARC = YES;
				CLANG_ENABLE_OBJC_WEAK = YES;
				CLANG_WARN_BLOCK_CAPTURE_AUTORELEASING = YES;
				CLANG_WARN_BOOL_CONVERSION = YES;
				CLANG_WARN_COMMA = YES;
				CLANG_WARN_CONSTANT_CONVERSION = YES;
				CLANG_WARN_DEPRECATED_OBJC_IMPLEMENTATIONS = YES;
				CLANG_WARN_DIRECT_OBJC_ISA_USAGE = YES_ERROR;
				CLANG_WARN_DOCUMENTATION_COMMENTS = YES;
				CLANG_WARN_EMPTY_BODY = YES;
				CLANG_WARN_ENUM_CONVERSION = YES;
				CLANG_WARN_INFINITE_RECURSION = YES;
				CLANG_WARN_INT_CONVERSION = YES;
				CLANG_WARN_NON_LITERAL_NULL_CONVERSION = YES;
				CLANG_WARN_OBJC_IMPLICIT_RETAIN_SELF = YES;
				CLANG_WARN_OBJC_LITERAL_CONVERSION = YES;
				CLANG_WARN_OBJC_ROOT_CLASS = YES_ERROR;
				CLANG_WARN_RANGE_LOOP_ANALYSIS = YES;
				CLANG_WARN_STRICT_PROTOTYPES = YES;
				CLANG_WARN_SUSPICIOUS_MOVE = YES;
				CLANG_WARN_UNGUARDED_AVAILABILITY = YES_AGGRESSIVE;
				CLANG_WARN_UNREACHABLE_CODE = YES;
				CLANG_WARN__DUPLICATE_METHOD_MATCH = YES;
				CODE_SIGN_IDENTITY = "iPhone Developer";
				COPY_PHASE_STRIP = NO;
				DEBUG_INFORMATION_FORMAT = "dwarf-with-dsym";
				ENABLE_NS_ASSERTIONS = NO;
				ENABLE_STRICT_OBJC_MSGSEND = YES;
				GCC_C_LANGUAGE_STANDARD = gnu11;
				GCC_NO_COMMON_BLOCKS = YES;
				GCC_WARN_64_TO_32_BIT_CONVERSION = YES;
				GCC_WARN_ABOUT_RETURN_TYPE = YES_ERROR;
				GCC_WARN_UNDECLARED_SELECTOR = YES;
				GCC_WARN_UNINITIALIZED_AUTOS = YES_AGGRESSIVE;
				GCC_WARN_UNUSED_FUNCTION = YES;
				GCC_WARN_UNUSED_VARIABLE = YES;
				IPHONEOS_DEPLOYMENT_TARGET = 12.2;
				MTL_ENABLE_DEBUG_INFO = NO;
				MTL_FAST_MATH = YES;
				SDKROOT = iphoneos;
				SWIFT_COMPILATION_MODE = wholemodule;
				SWIFT_OPTIMIZATION_LEVEL = "-O";
				VALIDATE_PRODUCT = YES;
			};
			name = Release;
		};
		42DD63DC22B3E9E800A57196 /* Debug */ = {
			isa = XCBuildConfiguration;
			baseConfigurationReference = 414286C3B195E0AD9DF6DCC6 /* Pods-MyMixcloud.debug.xcconfig */;
			buildSettings = {
				ASSETCATALOG_COMPILER_APPICON_NAME = AppIcon;
				CODE_SIGN_STYLE = Automatic;
				DEVELOPMENT_TEAM = 3U7F8477YU;
				INFOPLIST_FILE = MyMixcloud/Info.plist;
				LD_RUNPATH_SEARCH_PATHS = (
					"$(inherited)",
					"@executable_path/Frameworks",
				);
				PRODUCT_BUNDLE_IDENTIFIER = com.ryabchikova.MyMixcloud;
				PRODUCT_NAME = "$(TARGET_NAME)";
				SWIFT_VERSION = 5.0;
				TARGETED_DEVICE_FAMILY = "1,2";
			};
			name = Debug;
		};
		42DD63DD22B3E9E800A57196 /* Release */ = {
			isa = XCBuildConfiguration;
			baseConfigurationReference = 8FC0D2BAC2FD7FF3D288AFF4 /* Pods-MyMixcloud.release.xcconfig */;
			buildSettings = {
				ASSETCATALOG_COMPILER_APPICON_NAME = AppIcon;
				CODE_SIGN_STYLE = Automatic;
				DEVELOPMENT_TEAM = 3U7F8477YU;
				INFOPLIST_FILE = MyMixcloud/Info.plist;
				LD_RUNPATH_SEARCH_PATHS = (
					"$(inherited)",
					"@executable_path/Frameworks",
				);
				PRODUCT_BUNDLE_IDENTIFIER = com.ryabchikova.MyMixcloud;
				PRODUCT_NAME = "$(TARGET_NAME)";
				SWIFT_VERSION = 5.0;
				TARGETED_DEVICE_FAMILY = "1,2";
			};
			name = Release;
		};
/* End XCBuildConfiguration section */

/* Begin XCConfigurationList section */
		42DD63C222B3E9E600A57196 /* Build configuration list for PBXProject "MyMixcloud" */ = {
			isa = XCConfigurationList;
			buildConfigurations = (
				42DD63D922B3E9E800A57196 /* Debug */,
				42DD63DA22B3E9E800A57196 /* Release */,
			);
			defaultConfigurationIsVisible = 0;
			defaultConfigurationName = Release;
		};
		42DD63DB22B3E9E800A57196 /* Build configuration list for PBXNativeTarget "MyMixcloud" */ = {
			isa = XCConfigurationList;
			buildConfigurations = (
				42DD63DC22B3E9E800A57196 /* Debug */,
				42DD63DD22B3E9E800A57196 /* Release */,
			);
			defaultConfigurationIsVisible = 0;
			defaultConfigurationName = Release;
		};
/* End XCConfigurationList section */
	};
	rootObject = 42DD63BF22B3E9E600A57196 /* Project object */;
}
