// !$*UTF8*$!
{
	archiveVersion = 1;
	classes = {
	};
	objectVersion = 50;
	objects = {

/* Begin PBXBuildFile section */
		09FCD24CFF31A42404F9E277 /* Pods_MyMixcloud.framework in Frameworks */ = {isa = PBXBuildFile; fileRef = 2CEC79FC10CFC172F0BB32F3 /* Pods_MyMixcloud.framework */; };
		422EE0A722B3F1AB00451EED /* User.swift in Sources */ = {isa = PBXBuildFile; fileRef = 422EE0A622B3F1AB00451EED /* User.swift */; };
		422EE0A922B3F47A00451EED /* UserService.swift in Sources */ = {isa = PBXBuildFile; fileRef = 422EE0A822B3F47A00451EED /* UserService.swift */; };
		422EE0AB22B436D600451EED /* MixcloudApi.swift in Sources */ = {isa = PBXBuildFile; fileRef = 422EE0AA22B436D600451EED /* MixcloudApi.swift */; };
		422EE0AE22B7EF4200451EED /* UserServiceImpl.swift in Sources */ = {isa = PBXBuildFile; fileRef = 422EE0AD22B7EF4200451EED /* UserServiceImpl.swift */; };
		422EE0B022B803C300451EED /* Constants.swift in Sources */ = {isa = PBXBuildFile; fileRef = 422EE0AF22B803C300451EED /* Constants.swift */; };
		422EE0B522BA180D00451EED /* whatever.swift in Sources */ = {isa = PBXBuildFile; fileRef = 422EE0B422BA180D00451EED /* whatever.swift */; };
		422EE0B722BA2A0A00451EED /* MMError.swift in Sources */ = {isa = PBXBuildFile; fileRef = 422EE0B622BA2A0A00451EED /* MMError.swift */; };
		422EE0BD22C2180600451EED /* JsonUser.swift in Sources */ = {isa = PBXBuildFile; fileRef = 422EE0BC22C2180600451EED /* JsonUser.swift */; };
		422EE0BF22C21C1700451EED /* JsonDataConverter.swift in Sources */ = {isa = PBXBuildFile; fileRef = 422EE0BE22C21C1700451EED /* JsonDataConverter.swift */; };
		422EE0C122C2234F00451EED /* JsonFollowing.swift in Sources */ = {isa = PBXBuildFile; fileRef = 422EE0C022C2234F00451EED /* JsonFollowing.swift */; };
		422EE0C522C2562A00451EED /* TestTrackListViewController.swift in Sources */ = {isa = PBXBuildFile; fileRef = 422EE0C422C2562A00451EED /* TestTrackListViewController.swift */; };
		422EE0CB22C25CC100451EED /* MainTabBarViewController.swift in Sources */ = {isa = PBXBuildFile; fileRef = 422EE0CA22C25CC100451EED /* MainTabBarViewController.swift */; };
		42DD63CB22B3E9E600A57196 /* AppDelegate.swift in Sources */ = {isa = PBXBuildFile; fileRef = 42DD63CA22B3E9E600A57196 /* AppDelegate.swift */; };
		42DD63CD22B3E9E600A57196 /* FirstViewController.swift in Sources */ = {isa = PBXBuildFile; fileRef = 42DD63CC22B3E9E600A57196 /* FirstViewController.swift */; };
		42DD63D422B3E9E800A57196 /* Assets.xcassets in Resources */ = {isa = PBXBuildFile; fileRef = 42DD63D322B3E9E800A57196 /* Assets.xcassets */; };
		42DD63D722B3E9E800A57196 /* LaunchScreen.storyboard in Resources */ = {isa = PBXBuildFile; fileRef = 42DD63D522B3E9E800A57196 /* LaunchScreen.storyboard */; };
/* End PBXBuildFile section */

/* Begin PBXFileReference section */
		2CEC79FC10CFC172F0BB32F3 /* Pods_MyMixcloud.framework */ = {isa = PBXFileReference; explicitFileType = wrapper.framework; includeInIndex = 0; path = Pods_MyMixcloud.framework; sourceTree = BUILT_PRODUCTS_DIR; };
		414286C3B195E0AD9DF6DCC6 /* Pods-MyMixcloud.debug.xcconfig */ = {isa = PBXFileReference; includeInIndex = 1; lastKnownFileType = text.xcconfig; name = "Pods-MyMixcloud.debug.xcconfig"; path = "Pods/Target Support Files/Pods-MyMixcloud/Pods-MyMixcloud.debug.xcconfig"; sourceTree = "<group>"; };
		422EE0A622B3F1AB00451EED /* User.swift */ = {isa = PBXFileReference; lastKnownFileType = sourcecode.swift; path = User.swift; sourceTree = "<group>"; };
		422EE0A822B3F47A00451EED /* UserService.swift */ = {isa = PBXFileReference; lastKnownFileType = sourcecode.swift; path = UserService.swift; sourceTree = "<group>"; };
		422EE0AA22B436D600451EED /* MixcloudApi.swift */ = {isa = PBXFileReference; lastKnownFileType = sourcecode.swift; path = MixcloudApi.swift; sourceTree = "<group>"; };
		422EE0AD22B7EF4200451EED /* UserServiceImpl.swift */ = {isa = PBXFileReference; lastKnownFileType = sourcecode.swift; path = UserServiceImpl.swift; sourceTree = "<group>"; };
		422EE0AF22B803C300451EED /* Constants.swift */ = {isa = PBXFileReference; lastKnownFileType = sourcecode.swift; path = Constants.swift; sourceTree = "<group>"; };
		422EE0B422BA180D00451EED /* whatever.swift */ = {isa = PBXFileReference; lastKnownFileType = sourcecode.swift; path = whatever.swift; sourceTree = "<group>"; };
		422EE0B622BA2A0A00451EED /* MMError.swift */ = {isa = PBXFileReference; lastKnownFileType = sourcecode.swift; path = MMError.swift; sourceTree = "<group>"; };
		422EE0BC22C2180600451EED /* JsonUser.swift */ = {isa = PBXFileReference; lastKnownFileType = sourcecode.swift; path = JsonUser.swift; sourceTree = "<group>"; };
		422EE0BE22C21C1700451EED /* JsonDataConverter.swift */ = {isa = PBXFileReference; lastKnownFileType = sourcecode.swift; path = JsonDataConverter.swift; sourceTree = "<group>"; };
		422EE0C022C2234F00451EED /* JsonFollowing.swift */ = {isa = PBXFileReference; lastKnownFileType = sourcecode.swift; path = JsonFollowing.swift; sourceTree = "<group>"; };
		422EE0C422C2562A00451EED /* TestTrackListViewController.swift */ = {isa = PBXFileReference; lastKnownFileType = sourcecode.swift; path = TestTrackListViewController.swift; sourceTree = "<group>"; };
		422EE0CA22C25CC100451EED /* MainTabBarViewController.swift */ = {isa = PBXFileReference; lastKnownFileType = sourcecode.swift; path = MainTabBarViewController.swift; sourceTree = "<group>"; };
		42DD63C722B3E9E600A57196 /* MyMixcloud.app */ = {isa = PBXFileReference; explicitFileType = wrapper.application; includeInIndex = 0; path = MyMixcloud.app; sourceTree = BUILT_PRODUCTS_DIR; };
		42DD63CA22B3E9E600A57196 /* AppDelegate.swift */ = {isa = PBXFileReference; lastKnownFileType = sourcecode.swift; path = AppDelegate.swift; sourceTree = "<group>"; };
		42DD63CC22B3E9E600A57196 /* FirstViewController.swift */ = {isa = PBXFileReference; lastKnownFileType = sourcecode.swift; path = FirstViewController.swift; sourceTree = "<group>"; };
		42DD63D322B3E9E800A57196 /* Assets.xcassets */ = {isa = PBXFileReference; lastKnownFileType = folder.assetcatalog; path = Assets.xcassets; sourceTree = "<group>"; };
		42DD63D622B3E9E800A57196 /* Base */ = {isa = PBXFileReference; lastKnownFileType = file.storyboard; name = Base; path = Base.lproj/LaunchScreen.storyboard; sourceTree = "<group>"; };
		42DD63D822B3E9E800A57196 /* Info.plist */ = {isa = PBXFileReference; lastKnownFileType = text.plist.xml; path = Info.plist; sourceTree = "<group>"; };
		8FC0D2BAC2FD7FF3D288AFF4 /* Pods-MyMixcloud.release.xcconfig */ = {isa = PBXFileReference; includeInIndex = 1; lastKnownFileType = text.xcconfig; name = "Pods-MyMixcloud.release.xcconfig"; path = "Pods/Target Support Files/Pods-MyMixcloud/Pods-MyMixcloud.release.xcconfig"; sourceTree = "<group>"; };
/* End PBXFileReference section */

/* Begin PBXFrameworksBuildPhase section */
		42DD63C422B3E9E600A57196 /* Frameworks */ = {
			isa = PBXFrameworksBuildPhase;
			buildActionMask = 2147483647;
			files = (
				09FCD24CFF31A42404F9E277 /* Pods_MyMixcloud.framework in Frameworks */,
			);
			runOnlyForDeploymentPostprocessing = 0;
		};
/* End PBXFrameworksBuildPhase section */

/* Begin PBXGroup section */
		4220E27522C4A8E400FEB7F8 /* ViewControllers */ = {
			isa = PBXGroup;
			children = (
				422EE0CA22C25CC100451EED /* MainTabBarViewController.swift */,
				422EE0C322C255A800451EED /* TestViewControllers */,
			);
			path = ViewControllers;
			sourceTree = "<group>";
		};
		422EE0A422B3F14600451EED /* Models */ = {
			isa = PBXGroup;
			children = (
				422EE0A622B3F1AB00451EED /* User.swift */,
			);
			path = Models;
			sourceTree = "<group>";
		};
		422EE0A522B3F15200451EED /* Services */ = {
			isa = PBXGroup;
			children = (
				422EE0BB22C217CD00451EED /* JsonDecoding */,
				422EE0A822B3F47A00451EED /* UserService.swift */,
				422EE0AD22B7EF4200451EED /* UserServiceImpl.swift */,
			);
			path = Services;
			sourceTree = "<group>";
		};
		422EE0AC22B7EEB800451EED /* Helpers */ = {
			isa = PBXGroup;
			children = (
				422EE0AA22B436D600451EED /* MixcloudApi.swift */,
				422EE0AF22B803C300451EED /* Constants.swift */,
				422EE0B622BA2A0A00451EED /* MMError.swift */,
			);
			path = Helpers;
			sourceTree = "<group>";
		};
		422EE0B322BA17A600451EED /* TestStuff */ = {
			isa = PBXGroup;
			children = (
				42DD63CC22B3E9E600A57196 /* FirstViewController.swift */,
				422EE0B422BA180D00451EED /* whatever.swift */,
			);
			path = TestStuff;
			sourceTree = "<group>";
		};
		422EE0BB22C217CD00451EED /* JsonDecoding */ = {
			isa = PBXGroup;
			children = (
				422EE0BC22C2180600451EED /* JsonUser.swift */,
				422EE0C022C2234F00451EED /* JsonFollowing.swift */,
				422EE0BE22C21C1700451EED /* JsonDataConverter.swift */,
			);
			path = JsonDecoding;
			sourceTree = "<group>";
		};
		422EE0C222C2556E00451EED /* Modules */ = {
			isa = PBXGroup;
			children = (
			);
			path = Modules;
			sourceTree = "<group>";
		};
		422EE0C322C255A800451EED /* TestViewControllers */ = {
			isa = PBXGroup;
			children = (
				422EE0C422C2562A00451EED /* TestTrackListViewController.swift */,
			);
			path = TestViewControllers;
			sourceTree = "<group>";
		};
		42DD63BE22B3E9E600A57196 = {
			isa = PBXGroup;
			children = (
				42DD63C922B3E9E600A57196 /* MyMixcloud */,
				42DD63C822B3E9E600A57196 /* Products */,
				F9146AF031C5CC1BCDEB939D /* Pods */,
				D241E16A069FBD01953A15AD /* Frameworks */,
			);
			sourceTree = "<group>";
		};
		42DD63C822B3E9E600A57196 /* Products */ = {
			isa = PBXGroup;
			children = (
				42DD63C722B3E9E600A57196 /* MyMixcloud.app */,
			);
			name = Products;
			sourceTree = "<group>";
		};
		42DD63C922B3E9E600A57196 /* MyMixcloud */ = {
			isa = PBXGroup;
			children = (
				42DD63CA22B3E9E600A57196 /* AppDelegate.swift */,
				42DD63D522B3E9E800A57196 /* LaunchScreen.storyboard */,
				42DD63D322B3E9E800A57196 /* Assets.xcassets */,
				42DD63D822B3E9E800A57196 /* Info.plist */,
				4220E27522C4A8E400FEB7F8 /* ViewControllers */,
				422EE0C222C2556E00451EED /* Modules */,
				422EE0A522B3F15200451EED /* Services */,
				422EE0A422B3F14600451EED /* Models */,
				422EE0AC22B7EEB800451EED /* Helpers */,
				422EE0B322BA17A600451EED /* TestStuff */,
			);
			path = MyMixcloud;
			sourceTree = "<group>";
		};
		D241E16A069FBD01953A15AD /* Frameworks */ = {
			isa = PBXGroup;
			children = (
				2CEC79FC10CFC172F0BB32F3 /* Pods_MyMixcloud.framework */,
			);
			name = Frameworks;
			sourceTree = "<group>";
		};
		F9146AF031C5CC1BCDEB939D /* Pods */ = {
			isa = PBXGroup;
			children = (
				414286C3B195E0AD9DF6DCC6 /* Pods-MyMixcloud.debug.xcconfig */,
				8FC0D2BAC2FD7FF3D288AFF4 /* Pods-MyMixcloud.release.xcconfig */,
			);
			name = Pods;
			sourceTree = "<group>";
		};
/* End PBXGroup section */

/* Begin PBXNativeTarget section */
		42DD63C622B3E9E600A57196 /* MyMixcloud */ = {
			isa = PBXNativeTarget;
			buildConfigurationList = 42DD63DB22B3E9E800A57196 /* Build configuration list for PBXNativeTarget "MyMixcloud" */;
			buildPhases = (
				2EE8D42E858F9B630A965B5E /* [CP] Check Pods Manifest.lock */,
				42DD63C322B3E9E600A57196 /* Sources */,
				42DD63C422B3E9E600A57196 /* Frameworks */,
				42DD63C522B3E9E600A57196 /* Resources */,
				C284D4D5E15B53693B5A3A14 /* [CP] Embed Pods Frameworks */,
			);
			buildRules = (
			);
			dependencies = (
			);
			name = MyMixcloud;
			productName = MyMixcloud;
			productReference = 42DD63C722B3E9E600A57196 /* MyMixcloud.app */;
			productType = "com.apple.product-type.application";
		};
/* End PBXNativeTarget section */

/* Begin PBXProject section */
		42DD63BF22B3E9E600A57196 /* Project object */ = {
			isa = PBXProject;
			attributes = {
				LastSwiftUpdateCheck = 1020;
				LastUpgradeCheck = 1020;
				ORGANIZATIONNAME = ryabchikova;
				TargetAttributes = {
					42DD63C622B3E9E600A57196 = {
						CreatedOnToolsVersion = 10.2.1;
					};
				};
			};
			buildConfigurationList = 42DD63C222B3E9E600A57196 /* Build configuration list for PBXProject "MyMixcloud" */;
			compatibilityVersion = "Xcode 9.3";
			developmentRegion = en;
			hasScannedForEncodings = 0;
			knownRegions = (
				en,
				Base,
			);
			mainGroup = 42DD63BE22B3E9E600A57196;
			productRefGroup = 42DD63C822B3E9E600A57196 /* Products */;
			projectDirPath = "";
			projectRoot = "";
			targets = (
				42DD63C622B3E9E600A57196 /* MyMixcloud */,
			);
		};
/* End PBXProject section */

/* Begin PBXResourcesBuildPhase section */
		42DD63C522B3E9E600A57196 /* Resources */ = {
			isa = PBXResourcesBuildPhase;
			buildActionMask = 2147483647;
			files = (
				42DD63D722B3E9E800A57196 /* LaunchScreen.storyboard in Resources */,
				42DD63D422B3E9E800A57196 /* Assets.xcassets in Resources */,
			);
			runOnlyForDeploymentPostprocessing = 0;
		};
/* End PBXResourcesBuildPhase section */

/* Begin PBXShellScriptBuildPhase section */
		2EE8D42E858F9B630A965B5E /* [CP] Check Pods Manifest.lock */ = {
			isa = PBXShellScriptBuildPhase;
			buildActionMask = 2147483647;
			files = (
			);
			inputFileListPaths = (
			);
			inputPaths = (
				"${PODS_PODFILE_DIR_PATH}/Podfile.lock",
				"${PODS_ROOT}/Manifest.lock",
			);
			name = "[CP] Check Pods Manifest.lock";
			outputFileListPaths = (
			);
			outputPaths = (
				"$(DERIVED_FILE_DIR)/Pods-MyMixcloud-checkManifestLockResult.txt",
			);
			runOnlyForDeploymentPostprocessing = 0;
			shellPath = /bin/sh;
			shellScript = "diff \"${PODS_PODFILE_DIR_PATH}/Podfile.lock\" \"${PODS_ROOT}/Manifest.lock\" > /dev/null\nif [ $? != 0 ] ; then\n    # print error to STDERR\n    echo \"error: The sandbox is not in sync with the Podfile.lock. Run 'pod install' or update your CocoaPods installation.\" >&2\n    exit 1\nfi\n# This output is used by Xcode 'outputs' to avoid re-running this script phase.\necho \"SUCCESS\" > \"${SCRIPT_OUTPUT_FILE_0}\"\n";
			showEnvVarsInLog = 0;
		};
		C284D4D5E15B53693B5A3A14 /* [CP] Embed Pods Frameworks */ = {
			isa = PBXShellScriptBuildPhase;
			buildActionMask = 2147483647;
			files = (
			);
			inputFileListPaths = (
			);
			inputPaths = (
				"${SRCROOT}/Pods/Target Support Files/Pods-MyMixcloud/Pods-MyMixcloud-frameworks.sh",
				"${BUILT_PRODUCTS_DIR}/Alamofire/Alamofire.framework",
			);
			name = "[CP] Embed Pods Frameworks";
			outputFileListPaths = (
			);
			outputPaths = (
				"${TARGET_BUILD_DIR}/${FRAMEWORKS_FOLDER_PATH}/Alamofire.framework",
			);
			runOnlyForDeploymentPostprocessing = 0;
			shellPath = /bin/sh;
			shellScript = "\"${SRCROOT}/Pods/Target Support Files/Pods-MyMixcloud/Pods-MyMixcloud-frameworks.sh\"\n";
			showEnvVarsInLog = 0;
		};
/* End PBXShellScriptBuildPhase section */

/* Begin PBXSourcesBuildPhase section */
		42DD63C322B3E9E600A57196 /* Sources */ = {
			isa = PBXSourcesBuildPhase;
			buildActionMask = 2147483647;
			files = (
				422EE0A722B3F1AB00451EED /* User.swift in Sources */,
				422EE0B722BA2A0A00451EED /* MMError.swift in Sources */,
				422EE0A922B3F47A00451EED /* UserService.swift in Sources */,
				422EE0AB22B436D600451EED /* MixcloudApi.swift in Sources */,
				422EE0BF22C21C1700451EED /* JsonDataConverter.swift in Sources */,
				422EE0BD22C2180600451EED /* JsonUser.swift in Sources */,
				422EE0C522C2562A00451EED /* TestTrackListViewController.swift in Sources */,
				422EE0CB22C25CC100451EED /* MainTabBarViewController.swift in Sources */,
				422EE0AE22B7EF4200451EED /* UserServiceImpl.swift in Sources */,
				42DD63CB22B3E9E600A57196 /* AppDelegate.swift in Sources */,
				42DD63CD22B3E9E600A57196 /* FirstViewController.swift in Sources */,
				422EE0C122C2234F00451EED /* JsonFollowing.swift in Sources */,
				422EE0B022B803C300451EED /* Constants.swift in Sources */,
				422EE0B522BA180D00451EED /* whatever.swift in Sources */,
			);
			runOnlyForDeploymentPostprocessing = 0;
		};
/* End PBXSourcesBuildPhase section */

/* Begin PBXVariantGroup section */
		42DD63D522B3E9E800A57196 /* LaunchScreen.storyboard */ = {
			isa = PBXVariantGroup;
			children = (
				42DD63D622B3E9E800A57196 /* Base */,
			);
			name = LaunchScreen.storyboard;
			sourceTree = "<group>";
		};
/* End PBXVariantGroup section */

/* Begin XCBuildConfiguration section */
		42DD63D922B3E9E800A57196 /* Debug */ = {
			isa = XCBuildConfiguration;
			buildSettings = {
				ALWAYS_SEARCH_USER_PATHS = NO;
				CLANG_ANALYZER_NONNULL = YES;
				CLANG_ANALYZER_NUMBER_OBJECT_CONVERSION = YES_AGGRESSIVE;
				CLANG_CXX_LANGUAGE_STANDARD = "gnu++14";
				CLANG_CXX_LIBRARY = "libc++";
				CLANG_ENABLE_MODULES = YES;
				CLANG_ENABLE_OBJC_ARC = YES;
				CLANG_ENABLE_OBJC_WEAK = YES;
				CLANG_WARN_BLOCK_CAPTURE_AUTORELEASING = YES;
				CLANG_WARN_BOOL_CONVERSION = YES;
				CLANG_WARN_COMMA = YES;
				CLANG_WARN_CONSTANT_CONVERSION = YES;
				CLANG_WARN_DEPRECATED_OBJC_IMPLEMENTATIONS = YES;
				CLANG_WARN_DIRECT_OBJC_ISA_USAGE = YES_ERROR;
				CLANG_WARN_DOCUMENTATION_COMMENTS = YES;
				CLANG_WARN_EMPTY_BODY = YES;
				CLANG_WARN_ENUM_CONVERSION = YES;
				CLANG_WARN_INFINITE_RECURSION = YES;
				CLANG_WARN_INT_CONVERSION = YES;
				CLANG_WARN_NON_LITERAL_NULL_CONVERSION = YES;
				CLANG_WARN_OBJC_IMPLICIT_RETAIN_SELF = YES;
				CLANG_WARN_OBJC_LITERAL_CONVERSION = YES;
				CLANG_WARN_OBJC_ROOT_CLASS = YES_ERROR;
				CLANG_WARN_RANGE_LOOP_ANALYSIS = YES;
				CLANG_WARN_STRICT_PROTOTYPES = YES;
				CLANG_WARN_SUSPICIOUS_MOVE = YES;
				CLANG_WARN_UNGUARDED_AVAILABILITY = YES_AGGRESSIVE;
				CLANG_WARN_UNREACHABLE_CODE = YES;
				CLANG_WARN__DUPLICATE_METHOD_MATCH = YES;
				CODE_SIGN_IDENTITY = "iPhone Developer";
				COPY_PHASE_STRIP = NO;
				DEBUG_INFORMATION_FORMAT = dwarf;
				ENABLE_STRICT_OBJC_MSGSEND = YES;
				ENABLE_TESTABILITY = YES;
				GCC_C_LANGUAGE_STANDARD = gnu11;
				GCC_DYNAMIC_NO_PIC = NO;
				GCC_NO_COMMON_BLOCKS = YES;
				GCC_OPTIMIZATION_LEVEL = 0;
				GCC_PREPROCESSOR_DEFINITIONS = (
					"DEBUG=1",
					"$(inherited)",
				);
				GCC_WARN_64_TO_32_BIT_CONVERSION = YES;
				GCC_WARN_ABOUT_RETURN_TYPE = YES_ERROR;
				GCC_WARN_UNDECLARED_SELECTOR = YES;
				GCC_WARN_UNINITIALIZED_AUTOS = YES_AGGRESSIVE;
				GCC_WARN_UNUSED_FUNCTION = YES;
				GCC_WARN_UNUSED_VARIABLE = YES;
				IPHONEOS_DEPLOYMENT_TARGET = 12.2;
				MTL_ENABLE_DEBUG_INFO = INCLUDE_SOURCE;
				MTL_FAST_MATH = YES;
				ONLY_ACTIVE_ARCH = YES;
				SDKROOT = iphoneos;
				SWIFT_ACTIVE_COMPILATION_CONDITIONS = DEBUG;
				SWIFT_OPTIMIZATION_LEVEL = "-Onone";
			};
			name = Debug;
		};
		42DD63DA22B3E9E800A57196 /* Release */ = {
			isa = XCBuildConfiguration;
			buildSettings = {
				ALWAYS_SEARCH_USER_PATHS = NO;
				CLANG_ANALYZER_NONNULL = YES;
				CLANG_ANALYZER_NUMBER_OBJECT_CONVERSION = YES_AGGRESSIVE;
				CLANG_CXX_LANGUAGE_STANDARD = "gnu++14";
				CLANG_CXX_LIBRARY = "libc++";
				CLANG_ENABLE_MODULES = YES;
				CLANG_ENABLE_OBJC_ARC = YES;
				CLANG_ENABLE_OBJC_WEAK = YES;
				CLANG_WARN_BLOCK_CAPTURE_AUTORELEASING = YES;
				CLANG_WARN_BOOL_CONVERSION = YES;
				CLANG_WARN_COMMA = YES;
				CLANG_WARN_CONSTANT_CONVERSION = YES;
				CLANG_WARN_DEPRECATED_OBJC_IMPLEMENTATIONS = YES;
				CLANG_WARN_DIRECT_OBJC_ISA_USAGE = YES_ERROR;
				CLANG_WARN_DOCUMENTATION_COMMENTS = YES;
				CLANG_WARN_EMPTY_BODY = YES;
				CLANG_WARN_ENUM_CONVERSION = YES;
				CLANG_WARN_INFINITE_RECURSION = YES;
				CLANG_WARN_INT_CONVERSION = YES;
				CLANG_WARN_NON_LITERAL_NULL_CONVERSION = YES;
				CLANG_WARN_OBJC_IMPLICIT_RETAIN_SELF = YES;
				CLANG_WARN_OBJC_LITERAL_CONVERSION = YES;
				CLANG_WARN_OBJC_ROOT_CLASS = YES_ERROR;
				CLANG_WARN_RANGE_LOOP_ANALYSIS = YES;
				CLANG_WARN_STRICT_PROTOTYPES = YES;
				CLANG_WARN_SUSPICIOUS_MOVE = YES;
				CLANG_WARN_UNGUARDED_AVAILABILITY = YES_AGGRESSIVE;
				CLANG_WARN_UNREACHABLE_CODE = YES;
				CLANG_WARN__DUPLICATE_METHOD_MATCH = YES;
				CODE_SIGN_IDENTITY = "iPhone Developer";
				COPY_PHASE_STRIP = NO;
				DEBUG_INFORMATION_FORMAT = "dwarf-with-dsym";
				ENABLE_NS_ASSERTIONS = NO;
				ENABLE_STRICT_OBJC_MSGSEND = YES;
				GCC_C_LANGUAGE_STANDARD = gnu11;
				GCC_NO_COMMON_BLOCKS = YES;
				GCC_WARN_64_TO_32_BIT_CONVERSION = YES;
				GCC_WARN_ABOUT_RETURN_TYPE = YES_ERROR;
				GCC_WARN_UNDECLARED_SELECTOR = YES;
				GCC_WARN_UNINITIALIZED_AUTOS = YES_AGGRESSIVE;
				GCC_WARN_UNUSED_FUNCTION = YES;
				GCC_WARN_UNUSED_VARIABLE = YES;
				IPHONEOS_DEPLOYMENT_TARGET = 12.2;
				MTL_ENABLE_DEBUG_INFO = NO;
				MTL_FAST_MATH = YES;
				SDKROOT = iphoneos;
				SWIFT_COMPILATION_MODE = wholemodule;
				SWIFT_OPTIMIZATION_LEVEL = "-O";
				VALIDATE_PRODUCT = YES;
			};
			name = Release;
		};
		42DD63DC22B3E9E800A57196 /* Debug */ = {
			isa = XCBuildConfiguration;
			baseConfigurationReference = 414286C3B195E0AD9DF6DCC6 /* Pods-MyMixcloud.debug.xcconfig */;
			buildSettings = {
				ASSETCATALOG_COMPILER_APPICON_NAME = AppIcon;
				CODE_SIGN_STYLE = Automatic;
				DEVELOPMENT_TEAM = 3U7F8477YU;
				INFOPLIST_FILE = MyMixcloud/Info.plist;
				LD_RUNPATH_SEARCH_PATHS = (
					"$(inherited)",
					"@executable_path/Frameworks",
				);
				PRODUCT_BUNDLE_IDENTIFIER = com.ryabchikova.MyMixcloud;
				PRODUCT_NAME = "$(TARGET_NAME)";
				SWIFT_VERSION = 5.0;
				TARGETED_DEVICE_FAMILY = "1,2";
			};
			name = Debug;
		};
		42DD63DD22B3E9E800A57196 /* Release */ = {
			isa = XCBuildConfiguration;
			baseConfigurationReference = 8FC0D2BAC2FD7FF3D288AFF4 /* Pods-MyMixcloud.release.xcconfig */;
			buildSettings = {
				ASSETCATALOG_COMPILER_APPICON_NAME = AppIcon;
				CODE_SIGN_STYLE = Automatic;
				DEVELOPMENT_TEAM = 3U7F8477YU;
				INFOPLIST_FILE = MyMixcloud/Info.plist;
				LD_RUNPATH_SEARCH_PATHS = (
					"$(inherited)",
					"@executable_path/Frameworks",
				);
				PRODUCT_BUNDLE_IDENTIFIER = com.ryabchikova.MyMixcloud;
				PRODUCT_NAME = "$(TARGET_NAME)";
				SWIFT_VERSION = 5.0;
				TARGETED_DEVICE_FAMILY = "1,2";
			};
			name = Release;
		};
/* End XCBuildConfiguration section */

/* Begin XCConfigurationList section */
		42DD63C222B3E9E600A57196 /* Build configuration list for PBXProject "MyMixcloud" */ = {
			isa = XCConfigurationList;
			buildConfigurations = (
				42DD63D922B3E9E800A57196 /* Debug */,
				42DD63DA22B3E9E800A57196 /* Release */,
			);
			defaultConfigurationIsVisible = 0;
			defaultConfigurationName = Release;
		};
		42DD63DB22B3E9E800A57196 /* Build configuration list for PBXNativeTarget "MyMixcloud" */ = {
			isa = XCConfigurationList;
			buildConfigurations = (
				42DD63DC22B3E9E800A57196 /* Debug */,
				42DD63DD22B3E9E800A57196 /* Release */,
			);
			defaultConfigurationIsVisible = 0;
			defaultConfigurationName = Release;
		};
/* End XCConfigurationList section */
	};
	rootObject = 42DD63BF22B3E9E600A57196 /* Project object */;
}
